
Microsoft Visual Studio Solution File, Format Version 12.00
# Visual Studio Version 17
VisualStudioVersion = 17.6.33801.468
MinimumVisualStudioVersion = 10.0.40219.1
Project("{8BC9CEB8-8B4A-11D0-8D11-00A0C91BC942}") = "morphemeCore", "DS2AnimToolset\morpheme\SDK\core\morphemeCore_X64.vcxproj", "{D90ECD48-E518-4965-D5A1-487523A09108}"
EndProject
Project("{8BC9CEB8-8B4A-11D0-8D11-00A0C91BC942}") = "morphemeComms2", "DS2AnimToolset\morpheme\utils\comms2\morphemeComms2_X64.vcxproj", "{6759E731-4BC1-4352-28AA-C5583B7EC71F}"
EndProject
Project("{8BC9CEB8-8B4A-11D0-8D11-00A0C91BC942}") = "gameManagement_NoPhysics", "DS2AnimToolset\morpheme\utils\gameManagement\gameManagement_NoPhysics_X64.vcxproj", "{C4E21FB7-6883-456D-8AAA-3306F29276B1}"
EndProject
Project("{8BC9CEB8-8B4A-11D0-8D11-00A0C91BC942}") = "morphemeSimpleBundle", "DS2AnimToolset\morpheme\utils\simpleBundle\morphemeSimpleBundle_X64.vcxproj", "{E52E13E9-8088-407F-78A0-4C28849F6AD4}"
EndProject
Project("{8BC9CEB8-8B4A-11D0-8D11-00A0C91BC942}") = "NMPlatform", "DS2AnimToolset\common\NMPlatform\NMPlatform_X64.vcxproj", "{773E894A-FCA3-4312-37AF-0588248FC43F}"
EndProject
Project("{8BC9CEB8-8B4A-11D0-8D11-00A0C91BC942}") = "NMRuntimeUtils", "DS2AnimToolset\common\NMRuntimeUtils\NMRuntimeUtils_X64.vcxproj", "{3C388267-640A-4D4B-C8B1-2361CDE77233}"
EndProject
Project("{8BC9CEB8-8B4A-11D0-8D11-00A0C91BC942}") = "morphemeEditor", "DS2AnimToolset\morphemeEditor\morphemeEditor.vcxproj", "{4DC3646C-04EB-48D1-AE1B-6BC65E29FC43}"
EndProject
Global
	GlobalSection(SolutionConfigurationPlatforms) = preSolution
		Debug Tool|x64 = Debug Tool|x64
		Debug Tool|x86 = Debug Tool|x86
		Debug|x64 = Debug|x64
		Debug|x86 = Debug|x86
		Release Tool|x64 = Release Tool|x64
		Release Tool|x86 = Release Tool|x86
		Release_new|x64 = Release_new|x64
		Release_new|x86 = Release_new|x86
		Release_test|x64 = Release_test|x64
		Release_test|x86 = Release_test|x86
		Release|x64 = Release|x64
		Release|x86 = Release|x86
		Target LE64 Debug|x64 = Target LE64 Debug|x64
		Target LE64 Debug|x86 = Target LE64 Debug|x86
		Target LE64 Release|x64 = Target LE64 Release|x64
		Target LE64 Release|x86 = Target LE64 Release|x86
	EndGlobalSection
	GlobalSection(ProjectConfigurationPlatforms) = postSolution
		{D90ECD48-E518-4965-D5A1-487523A09108}.Debug Tool|x64.ActiveCfg = Debug|x64
		{D90ECD48-E518-4965-D5A1-487523A09108}.Debug Tool|x64.Build.0 = Debug|x64
		{D90ECD48-E518-4965-D5A1-487523A09108}.Debug Tool|x86.ActiveCfg = Debug|x64
		{D90ECD48-E518-4965-D5A1-487523A09108}.Debug Tool|x86.Build.0 = Debug|x64
		{D90ECD48-E518-4965-D5A1-487523A09108}.Debug|x64.ActiveCfg = Debug|x64
		{D90ECD48-E518-4965-D5A1-487523A09108}.Debug|x64.Build.0 = Debug|x64
		{D90ECD48-E518-4965-D5A1-487523A09108}.Debug|x86.ActiveCfg = Debug|x64
		{D90ECD48-E518-4965-D5A1-487523A09108}.Debug|x86.Build.0 = Debug|x64
		{D90ECD48-E518-4965-D5A1-487523A09108}.Release Tool|x64.ActiveCfg = Release|x64
		{D90ECD48-E518-4965-D5A1-487523A09108}.Release Tool|x64.Build.0 = Release|x64
		{D90ECD48-E518-4965-D5A1-487523A09108}.Release Tool|x86.ActiveCfg = Release|x64
		{D90ECD48-E518-4965-D5A1-487523A09108}.Release Tool|x86.Build.0 = Release|x64
		{D90ECD48-E518-4965-D5A1-487523A09108}.Release_new|x64.ActiveCfg = Release|x64
		{D90ECD48-E518-4965-D5A1-487523A09108}.Release_new|x64.Build.0 = Release|x64
		{D90ECD48-E518-4965-D5A1-487523A09108}.Release_new|x86.ActiveCfg = Release|x64
		{D90ECD48-E518-4965-D5A1-487523A09108}.Release_new|x86.Build.0 = Release|x64
		{D90ECD48-E518-4965-D5A1-487523A09108}.Release_test|x64.ActiveCfg = Release|x64
		{D90ECD48-E518-4965-D5A1-487523A09108}.Release_test|x64.Build.0 = Release|x64
		{D90ECD48-E518-4965-D5A1-487523A09108}.Release_test|x86.ActiveCfg = Release|x64
		{D90ECD48-E518-4965-D5A1-487523A09108}.Release_test|x86.Build.0 = Release|x64
		{D90ECD48-E518-4965-D5A1-487523A09108}.Release|x64.ActiveCfg = Release|x64
		{D90ECD48-E518-4965-D5A1-487523A09108}.Release|x64.Build.0 = Release|x64
		{D90ECD48-E518-4965-D5A1-487523A09108}.Release|x86.ActiveCfg = Release|x64
		{D90ECD48-E518-4965-D5A1-487523A09108}.Release|x86.Build.0 = Release|x64
		{D90ECD48-E518-4965-D5A1-487523A09108}.Target LE64 Debug|x64.ActiveCfg = Target LE64 Debug|x64
		{D90ECD48-E518-4965-D5A1-487523A09108}.Target LE64 Debug|x64.Build.0 = Target LE64 Debug|x64
		{D90ECD48-E518-4965-D5A1-487523A09108}.Target LE64 Debug|x86.ActiveCfg = Target LE64 Debug|x64
		{D90ECD48-E518-4965-D5A1-487523A09108}.Target LE64 Debug|x86.Build.0 = Target LE64 Debug|x64
		{D90ECD48-E518-4965-D5A1-487523A09108}.Target LE64 Release|x64.ActiveCfg = Target LE64 Release|x64
		{D90ECD48-E518-4965-D5A1-487523A09108}.Target LE64 Release|x64.Build.0 = Target LE64 Release|x64
		{D90ECD48-E518-4965-D5A1-487523A09108}.Target LE64 Release|x86.ActiveCfg = Target LE64 Release|x64
		{D90ECD48-E518-4965-D5A1-487523A09108}.Target LE64 Release|x86.Build.0 = Target LE64 Release|x64
		{6759E731-4BC1-4352-28AA-C5583B7EC71F}.Debug Tool|x64.ActiveCfg = Debug Tool|x64
		{6759E731-4BC1-4352-28AA-C5583B7EC71F}.Debug Tool|x64.Build.0 = Debug Tool|x64
		{6759E731-4BC1-4352-28AA-C5583B7EC71F}.Debug Tool|x86.ActiveCfg = Debug Tool|x64
		{6759E731-4BC1-4352-28AA-C5583B7EC71F}.Debug Tool|x86.Build.0 = Debug Tool|x64
		{6759E731-4BC1-4352-28AA-C5583B7EC71F}.Debug|x64.ActiveCfg = Debug|x64
		{6759E731-4BC1-4352-28AA-C5583B7EC71F}.Debug|x64.Build.0 = Debug|x64
		{6759E731-4BC1-4352-28AA-C5583B7EC71F}.Debug|x86.ActiveCfg = Debug|x64
		{6759E731-4BC1-4352-28AA-C5583B7EC71F}.Debug|x86.Build.0 = Debug|x64
		{6759E731-4BC1-4352-28AA-C5583B7EC71F}.Release Tool|x64.ActiveCfg = Release Tool|x64
		{6759E731-4BC1-4352-28AA-C5583B7EC71F}.Release Tool|x64.Build.0 = Release Tool|x64
		{6759E731-4BC1-4352-28AA-C5583B7EC71F}.Release Tool|x86.ActiveCfg = Release Tool|x64
		{6759E731-4BC1-4352-28AA-C5583B7EC71F}.Release Tool|x86.Build.0 = Release Tool|x64
		{6759E731-4BC1-4352-28AA-C5583B7EC71F}.Release_new|x64.ActiveCfg = Release Tool|x64
		{6759E731-4BC1-4352-28AA-C5583B7EC71F}.Release_new|x64.Build.0 = Release Tool|x64
		{6759E731-4BC1-4352-28AA-C5583B7EC71F}.Release_new|x86.ActiveCfg = Release Tool|x64
		{6759E731-4BC1-4352-28AA-C5583B7EC71F}.Release_new|x86.Build.0 = Release Tool|x64
		{6759E731-4BC1-4352-28AA-C5583B7EC71F}.Release_test|x64.ActiveCfg = Release Tool|x64
		{6759E731-4BC1-4352-28AA-C5583B7EC71F}.Release_test|x64.Build.0 = Release Tool|x64
		{6759E731-4BC1-4352-28AA-C5583B7EC71F}.Release_test|x86.ActiveCfg = Release Tool|x64
		{6759E731-4BC1-4352-28AA-C5583B7EC71F}.Release_test|x86.Build.0 = Release Tool|x64
		{6759E731-4BC1-4352-28AA-C5583B7EC71F}.Release|x64.ActiveCfg = Release|x64
		{6759E731-4BC1-4352-28AA-C5583B7EC71F}.Release|x64.Build.0 = Release|x64
		{6759E731-4BC1-4352-28AA-C5583B7EC71F}.Release|x86.ActiveCfg = Release|x64
		{6759E731-4BC1-4352-28AA-C5583B7EC71F}.Release|x86.Build.0 = Release|x64
		{6759E731-4BC1-4352-28AA-C5583B7EC71F}.Target LE64 Debug|x64.ActiveCfg = Debug|x64
		{6759E731-4BC1-4352-28AA-C5583B7EC71F}.Target LE64 Debug|x64.Build.0 = Debug|x64
		{6759E731-4BC1-4352-28AA-C5583B7EC71F}.Target LE64 Debug|x86.ActiveCfg = Debug|x64
		{6759E731-4BC1-4352-28AA-C5583B7EC71F}.Target LE64 Debug|x86.Build.0 = Debug|x64
		{6759E731-4BC1-4352-28AA-C5583B7EC71F}.Target LE64 Release|x64.ActiveCfg = Release|x64
		{6759E731-4BC1-4352-28AA-C5583B7EC71F}.Target LE64 Release|x64.Build.0 = Release|x64
		{6759E731-4BC1-4352-28AA-C5583B7EC71F}.Target LE64 Release|x86.ActiveCfg = Release|x64
		{6759E731-4BC1-4352-28AA-C5583B7EC71F}.Target LE64 Release|x86.Build.0 = Release|x64
		{C4E21FB7-6883-456D-8AAA-3306F29276B1}.Debug Tool|x64.ActiveCfg = Debug|x64
		{C4E21FB7-6883-456D-8AAA-3306F29276B1}.Debug Tool|x64.Build.0 = Debug|x64
		{C4E21FB7-6883-456D-8AAA-3306F29276B1}.Debug Tool|x86.ActiveCfg = Debug|x64
		{C4E21FB7-6883-456D-8AAA-3306F29276B1}.Debug Tool|x86.Build.0 = Debug|x64
		{C4E21FB7-6883-456D-8AAA-3306F29276B1}.Debug|x64.ActiveCfg = Debug|x64
		{C4E21FB7-6883-456D-8AAA-3306F29276B1}.Debug|x64.Build.0 = Debug|x64
		{C4E21FB7-6883-456D-8AAA-3306F29276B1}.Debug|x86.ActiveCfg = Debug|x64
		{C4E21FB7-6883-456D-8AAA-3306F29276B1}.Debug|x86.Build.0 = Debug|x64
		{C4E21FB7-6883-456D-8AAA-3306F29276B1}.Release Tool|x64.ActiveCfg = Release|x64
		{C4E21FB7-6883-456D-8AAA-3306F29276B1}.Release Tool|x64.Build.0 = Release|x64
		{C4E21FB7-6883-456D-8AAA-3306F29276B1}.Release Tool|x86.ActiveCfg = Release|x64
		{C4E21FB7-6883-456D-8AAA-3306F29276B1}.Release Tool|x86.Build.0 = Release|x64
		{C4E21FB7-6883-456D-8AAA-3306F29276B1}.Release_new|x64.ActiveCfg = Release|x64
		{C4E21FB7-6883-456D-8AAA-3306F29276B1}.Release_new|x64.Build.0 = Release|x64
		{C4E21FB7-6883-456D-8AAA-3306F29276B1}.Release_new|x86.ActiveCfg = Release|x64
		{C4E21FB7-6883-456D-8AAA-3306F29276B1}.Release_new|x86.Build.0 = Release|x64
		{C4E21FB7-6883-456D-8AAA-3306F29276B1}.Release_test|x64.ActiveCfg = Release|x64
		{C4E21FB7-6883-456D-8AAA-3306F29276B1}.Release_test|x64.Build.0 = Release|x64
		{C4E21FB7-6883-456D-8AAA-3306F29276B1}.Release_test|x86.ActiveCfg = Release|x64
		{C4E21FB7-6883-456D-8AAA-3306F29276B1}.Release_test|x86.Build.0 = Release|x64
		{C4E21FB7-6883-456D-8AAA-3306F29276B1}.Release|x64.ActiveCfg = Release|x64
		{C4E21FB7-6883-456D-8AAA-3306F29276B1}.Release|x64.Build.0 = Release|x64
		{C4E21FB7-6883-456D-8AAA-3306F29276B1}.Release|x86.ActiveCfg = Release|x64
		{C4E21FB7-6883-456D-8AAA-3306F29276B1}.Release|x86.Build.0 = Release|x64
		{C4E21FB7-6883-456D-8AAA-3306F29276B1}.Target LE64 Debug|x64.ActiveCfg = Debug|x64
		{C4E21FB7-6883-456D-8AAA-3306F29276B1}.Target LE64 Debug|x64.Build.0 = Debug|x64
		{C4E21FB7-6883-456D-8AAA-3306F29276B1}.Target LE64 Debug|x86.ActiveCfg = Debug|x64
		{C4E21FB7-6883-456D-8AAA-3306F29276B1}.Target LE64 Debug|x86.Build.0 = Debug|x64
		{C4E21FB7-6883-456D-8AAA-3306F29276B1}.Target LE64 Release|x64.ActiveCfg = Release|x64
		{C4E21FB7-6883-456D-8AAA-3306F29276B1}.Target LE64 Release|x64.Build.0 = Release|x64
		{C4E21FB7-6883-456D-8AAA-3306F29276B1}.Target LE64 Release|x86.ActiveCfg = Release|x64
		{C4E21FB7-6883-456D-8AAA-3306F29276B1}.Target LE64 Release|x86.Build.0 = Release|x64
		{E52E13E9-8088-407F-78A0-4C28849F6AD4}.Debug Tool|x64.ActiveCfg = Debug|x64
		{E52E13E9-8088-407F-78A0-4C28849F6AD4}.Debug Tool|x64.Build.0 = Debug|x64
		{E52E13E9-8088-407F-78A0-4C28849F6AD4}.Debug Tool|x86.ActiveCfg = Debug|x64
		{E52E13E9-8088-407F-78A0-4C28849F6AD4}.Debug Tool|x86.Build.0 = Debug|x64
		{E52E13E9-8088-407F-78A0-4C28849F6AD4}.Debug|x64.ActiveCfg = Debug|x64
		{E52E13E9-8088-407F-78A0-4C28849F6AD4}.Debug|x64.Build.0 = Debug|x64
		{E52E13E9-8088-407F-78A0-4C28849F6AD4}.Debug|x86.ActiveCfg = Debug|x64
		{E52E13E9-8088-407F-78A0-4C28849F6AD4}.Debug|x86.Build.0 = Debug|x64
		{E52E13E9-8088-407F-78A0-4C28849F6AD4}.Release Tool|x64.ActiveCfg = Release|x64
		{E52E13E9-8088-407F-78A0-4C28849F6AD4}.Release Tool|x64.Build.0 = Release|x64
		{E52E13E9-8088-407F-78A0-4C28849F6AD4}.Release Tool|x86.ActiveCfg = Release|x64
		{E52E13E9-8088-407F-78A0-4C28849F6AD4}.Release Tool|x86.Build.0 = Release|x64
		{E52E13E9-8088-407F-78A0-4C28849F6AD4}.Release_new|x64.ActiveCfg = Release|x64
		{E52E13E9-8088-407F-78A0-4C28849F6AD4}.Release_new|x64.Build.0 = Release|x64
		{E52E13E9-8088-407F-78A0-4C28849F6AD4}.Release_new|x86.ActiveCfg = Release|x64
		{E52E13E9-8088-407F-78A0-4C28849F6AD4}.Release_new|x86.Build.0 = Release|x64
		{E52E13E9-8088-407F-78A0-4C28849F6AD4}.Release_test|x64.ActiveCfg = Release|x64
		{E52E13E9-8088-407F-78A0-4C28849F6AD4}.Release_test|x64.Build.0 = Release|x64
		{E52E13E9-8088-407F-78A0-4C28849F6AD4}.Release_test|x86.ActiveCfg = Release|x64
		{E52E13E9-8088-407F-78A0-4C28849F6AD4}.Release_test|x86.Build.0 = Release|x64
		{E52E13E9-8088-407F-78A0-4C28849F6AD4}.Release|x64.ActiveCfg = Release|x64
		{E52E13E9-8088-407F-78A0-4C28849F6AD4}.Release|x64.Build.0 = Release|x64
		{E52E13E9-8088-407F-78A0-4C28849F6AD4}.Release|x86.ActiveCfg = Release|x64
		{E52E13E9-8088-407F-78A0-4C28849F6AD4}.Release|x86.Build.0 = Release|x64
		{E52E13E9-8088-407F-78A0-4C28849F6AD4}.Target LE64 Debug|x64.ActiveCfg = Target LE64 Debug|x64
		{E52E13E9-8088-407F-78A0-4C28849F6AD4}.Target LE64 Debug|x64.Build.0 = Target LE64 Debug|x64
		{E52E13E9-8088-407F-78A0-4C28849F6AD4}.Target LE64 Debug|x86.ActiveCfg = Target LE64 Debug|x64
		{E52E13E9-8088-407F-78A0-4C28849F6AD4}.Target LE64 Debug|x86.Build.0 = Target LE64 Debug|x64
		{E52E13E9-8088-407F-78A0-4C28849F6AD4}.Target LE64 Release|x64.ActiveCfg = Target LE64 Release|x64
		{E52E13E9-8088-407F-78A0-4C28849F6AD4}.Target LE64 Release|x64.Build.0 = Target LE64 Release|x64
		{E52E13E9-8088-407F-78A0-4C28849F6AD4}.Target LE64 Release|x86.ActiveCfg = Target LE64 Release|x64
		{E52E13E9-8088-407F-78A0-4C28849F6AD4}.Target LE64 Release|x86.Build.0 = Target LE64 Release|x64
		{773E894A-FCA3-4312-37AF-0588248FC43F}.Debug Tool|x64.ActiveCfg = Debug|x64
		{773E894A-FCA3-4312-37AF-0588248FC43F}.Debug Tool|x64.Build.0 = Debug|x64
		{773E894A-FCA3-4312-37AF-0588248FC43F}.Debug Tool|x86.ActiveCfg = Debug|x64
		{773E894A-FCA3-4312-37AF-0588248FC43F}.Debug Tool|x86.Build.0 = Debug|x64
		{773E894A-FCA3-4312-37AF-0588248FC43F}.Debug|x64.ActiveCfg = Debug|x64
		{773E894A-FCA3-4312-37AF-0588248FC43F}.Debug|x64.Build.0 = Debug|x64
		{773E894A-FCA3-4312-37AF-0588248FC43F}.Debug|x86.ActiveCfg = Debug|x64
		{773E894A-FCA3-4312-37AF-0588248FC43F}.Debug|x86.Build.0 = Debug|x64
		{773E894A-FCA3-4312-37AF-0588248FC43F}.Release Tool|x64.ActiveCfg = Release|x64
		{773E894A-FCA3-4312-37AF-0588248FC43F}.Release Tool|x64.Build.0 = Release|x64
		{773E894A-FCA3-4312-37AF-0588248FC43F}.Release Tool|x86.ActiveCfg = Release|x64
		{773E894A-FCA3-4312-37AF-0588248FC43F}.Release Tool|x86.Build.0 = Release|x64
		{773E894A-FCA3-4312-37AF-0588248FC43F}.Release_new|x64.ActiveCfg = Release|x64
		{773E894A-FCA3-4312-37AF-0588248FC43F}.Release_new|x64.Build.0 = Release|x64
		{773E894A-FCA3-4312-37AF-0588248FC43F}.Release_new|x86.ActiveCfg = Release|x64
		{773E894A-FCA3-4312-37AF-0588248FC43F}.Release_new|x86.Build.0 = Release|x64
		{773E894A-FCA3-4312-37AF-0588248FC43F}.Release_test|x64.ActiveCfg = Release|x64
		{773E894A-FCA3-4312-37AF-0588248FC43F}.Release_test|x64.Build.0 = Release|x64
		{773E894A-FCA3-4312-37AF-0588248FC43F}.Release_test|x86.ActiveCfg = Release|x64
		{773E894A-FCA3-4312-37AF-0588248FC43F}.Release_test|x86.Build.0 = Release|x64
		{773E894A-FCA3-4312-37AF-0588248FC43F}.Release|x64.ActiveCfg = Release|x64
		{773E894A-FCA3-4312-37AF-0588248FC43F}.Release|x64.Build.0 = Release|x64
		{773E894A-FCA3-4312-37AF-0588248FC43F}.Release|x86.ActiveCfg = Release|x64
		{773E894A-FCA3-4312-37AF-0588248FC43F}.Release|x86.Build.0 = Release|x64
		{773E894A-FCA3-4312-37AF-0588248FC43F}.Target LE64 Debug|x64.ActiveCfg = Target LE64 Debug|x64
		{773E894A-FCA3-4312-37AF-0588248FC43F}.Target LE64 Debug|x64.Build.0 = Target LE64 Debug|x64
		{773E894A-FCA3-4312-37AF-0588248FC43F}.Target LE64 Debug|x86.ActiveCfg = Target LE64 Debug|x64
		{773E894A-FCA3-4312-37AF-0588248FC43F}.Target LE64 Debug|x86.Build.0 = Target LE64 Debug|x64
		{773E894A-FCA3-4312-37AF-0588248FC43F}.Target LE64 Release|x64.ActiveCfg = Target LE64 Release|x64
		{773E894A-FCA3-4312-37AF-0588248FC43F}.Target LE64 Release|x64.Build.0 = Target LE64 Release|x64
		{773E894A-FCA3-4312-37AF-0588248FC43F}.Target LE64 Release|x86.ActiveCfg = Target LE64 Release|x64
		{773E894A-FCA3-4312-37AF-0588248FC43F}.Target LE64 Release|x86.Build.0 = Target LE64 Release|x64
		{3C388267-640A-4D4B-C8B1-2361CDE77233}.Debug Tool|x64.ActiveCfg = Debug|x64
		{3C388267-640A-4D4B-C8B1-2361CDE77233}.Debug Tool|x64.Build.0 = Debug|x64
		{3C388267-640A-4D4B-C8B1-2361CDE77233}.Debug Tool|x86.ActiveCfg = Debug|x64
		{3C388267-640A-4D4B-C8B1-2361CDE77233}.Debug Tool|x86.Build.0 = Debug|x64
		{3C388267-640A-4D4B-C8B1-2361CDE77233}.Debug|x64.ActiveCfg = Debug|x64
		{3C388267-640A-4D4B-C8B1-2361CDE77233}.Debug|x64.Build.0 = Debug|x64
		{3C388267-640A-4D4B-C8B1-2361CDE77233}.Debug|x86.ActiveCfg = Debug|x64
		{3C388267-640A-4D4B-C8B1-2361CDE77233}.Debug|x86.Build.0 = Debug|x64
		{3C388267-640A-4D4B-C8B1-2361CDE77233}.Release Tool|x64.ActiveCfg = Release|x64
		{3C388267-640A-4D4B-C8B1-2361CDE77233}.Release Tool|x64.Build.0 = Release|x64
		{3C388267-640A-4D4B-C8B1-2361CDE77233}.Release Tool|x86.ActiveCfg = Release|x64
		{3C388267-640A-4D4B-C8B1-2361CDE77233}.Release Tool|x86.Build.0 = Release|x64
		{3C388267-640A-4D4B-C8B1-2361CDE77233}.Release_new|x64.ActiveCfg = Release|x64
		{3C388267-640A-4D4B-C8B1-2361CDE77233}.Release_new|x64.Build.0 = Release|x64
		{3C388267-640A-4D4B-C8B1-2361CDE77233}.Release_new|x86.ActiveCfg = Release|x64
		{3C388267-640A-4D4B-C8B1-2361CDE77233}.Release_new|x86.Build.0 = Release|x64
		{3C388267-640A-4D4B-C8B1-2361CDE77233}.Release_test|x64.ActiveCfg = Release|x64
		{3C388267-640A-4D4B-C8B1-2361CDE77233}.Release_test|x64.Build.0 = Release|x64
		{3C388267-640A-4D4B-C8B1-2361CDE77233}.Release_test|x86.ActiveCfg = Release|x64
		{3C388267-640A-4D4B-C8B1-2361CDE77233}.Release_test|x86.Build.0 = Release|x64
		{3C388267-640A-4D4B-C8B1-2361CDE77233}.Release|x64.ActiveCfg = Release|x64
		{3C388267-640A-4D4B-C8B1-2361CDE77233}.Release|x64.Build.0 = Release|x64
		{3C388267-640A-4D4B-C8B1-2361CDE77233}.Release|x86.ActiveCfg = Release|x64
		{3C388267-640A-4D4B-C8B1-2361CDE77233}.Release|x86.Build.0 = Release|x64
		{3C388267-640A-4D4B-C8B1-2361CDE77233}.Target LE64 Debug|x64.ActiveCfg = Target LE64 Debug|x64
		{3C388267-640A-4D4B-C8B1-2361CDE77233}.Target LE64 Debug|x64.Build.0 = Target LE64 Debug|x64
		{3C388267-640A-4D4B-C8B1-2361CDE77233}.Target LE64 Debug|x86.ActiveCfg = Target LE64 Debug|x64
		{3C388267-640A-4D4B-C8B1-2361CDE77233}.Target LE64 Debug|x86.Build.0 = Target LE64 Debug|x64
		{3C388267-640A-4D4B-C8B1-2361CDE77233}.Target LE64 Release|x64.ActiveCfg = Target LE64 Release|x64
		{3C388267-640A-4D4B-C8B1-2361CDE77233}.Target LE64 Release|x64.Build.0 = Target LE64 Release|x64
		{3C388267-640A-4D4B-C8B1-2361CDE77233}.Target LE64 Release|x86.ActiveCfg = Target LE64 Release|x64
		{3C388267-640A-4D4B-C8B1-2361CDE77233}.Target LE64 Release|x86.Build.0 = Target LE64 Release|x64
		{4DC3646C-04EB-48D1-AE1B-6BC65E29FC43}.Debug Tool|x64.ActiveCfg = Debug|x64
		{4DC3646C-04EB-48D1-AE1B-6BC65E29FC43}.Debug Tool|x64.Build.0 = Debug|x64
		{4DC3646C-04EB-48D1-AE1B-6BC65E29FC43}.Debug Tool|x86.ActiveCfg = Debug|Win32
		{4DC3646C-04EB-48D1-AE1B-6BC65E29FC43}.Debug Tool|x86.Build.0 = Debug|Win32
		{4DC3646C-04EB-48D1-AE1B-6BC65E29FC43}.Debug|x64.ActiveCfg = Debug|x64
		{4DC3646C-04EB-48D1-AE1B-6BC65E29FC43}.Debug|x64.Build.0 = Debug|x64
		{4DC3646C-04EB-48D1-AE1B-6BC65E29FC43}.Debug|x86.ActiveCfg = Debug|Win32
		{4DC3646C-04EB-48D1-AE1B-6BC65E29FC43}.Debug|x86.Build.0 = Debug|Win32
		{4DC3646C-04EB-48D1-AE1B-6BC65E29FC43}.Release Tool|x64.ActiveCfg = Release|x64
		{4DC3646C-04EB-48D1-AE1B-6BC65E29FC43}.Release Tool|x64.Build.0 = Release|x64
		{4DC3646C-04EB-48D1-AE1B-6BC65E29FC43}.Release Tool|x86.ActiveCfg = Release|Win32
		{4DC3646C-04EB-48D1-AE1B-6BC65E29FC43}.Release Tool|x86.Build.0 = Release|Win32
		{4DC3646C-04EB-48D1-AE1B-6BC65E29FC43}.Release_new|x64.ActiveCfg = Release|x64
		{4DC3646C-04EB-48D1-AE1B-6BC65E29FC43}.Release_new|x64.Build.0 = Release|x64
		{4DC3646C-04EB-48D1-AE1B-6BC65E29FC43}.Release_new|x86.ActiveCfg = Release|Win32
		{4DC3646C-04EB-48D1-AE1B-6BC65E29FC43}.Release_new|x86.Build.0 = Release|Win32
		{4DC3646C-04EB-48D1-AE1B-6BC65E29FC43}.Release_test|x64.ActiveCfg = Release|x64
		{4DC3646C-04EB-48D1-AE1B-6BC65E29FC43}.Release_test|x64.Build.0 = Release|x64
		{4DC3646C-04EB-48D1-AE1B-6BC65E29FC43}.Release_test|x86.ActiveCfg = Release|Win32
		{4DC3646C-04EB-48D1-AE1B-6BC65E29FC43}.Release_test|x86.Build.0 = Release|Win32
		{4DC3646C-04EB-48D1-AE1B-6BC65E29FC43}.Release|x64.ActiveCfg = Release|x64
		{4DC3646C-04EB-48D1-AE1B-6BC65E29FC43}.Release|x64.Build.0 = Release|x64
		{4DC3646C-04EB-48D1-AE1B-6BC65E29FC43}.Release|x86.ActiveCfg = Release|Win32
		{4DC3646C-04EB-48D1-AE1B-6BC65E29FC43}.Release|x86.Build.0 = Release|Win32
		{4DC3646C-04EB-48D1-AE1B-6BC65E29FC43}.Target LE64 Debug|x64.ActiveCfg = Debug|x64
		{4DC3646C-04EB-48D1-AE1B-6BC65E29FC43}.Target LE64 Debug|x64.Build.0 = Debug|x64
		{4DC3646C-04EB-48D1-AE1B-6BC65E29FC43}.Target LE64 Debug|x86.ActiveCfg = Debug|Win32
		{4DC3646C-04EB-48D1-AE1B-6BC65E29FC43}.Target LE64 Debug|x86.Build.0 = Debug|Win32
		{4DC3646C-04EB-48D1-AE1B-6BC65E29FC43}.Target LE64 Release|x64.ActiveCfg = Release|x64
		{4DC3646C-04EB-48D1-AE1B-6BC65E29FC43}.Target LE64 Release|x64.Build.0 = Release|x64
		{4DC3646C-04EB-48D1-AE1B-6BC65E29FC43}.Target LE64 Release|x86.ActiveCfg = Release|Win32
		{4DC3646C-04EB-48D1-AE1B-6BC65E29FC43}.Target LE64 Release|x86.Build.0 = Release|Win32
	EndGlobalSection
	GlobalSection(SolutionProperties) = preSolution
		HideSolutionNode = FALSE
	EndGlobalSection
	GlobalSection(ExtensibilityGlobals) = postSolution
		SolutionGuid = {F8B81A9E-A8AB-4C3A-96A3-158CBB56789B}
	EndGlobalSection
EndGlobal
