<?xml version="1.0" encoding="utf-8"?>
<Project ToolsVersion="4.0" xmlns="http://schemas.microsoft.com/developer/msbuild/2003">
  <ItemGroup>
    <Filter Include="File di origine">
      <UniqueIdentifier>{4FC737F1-C7A5-4376-A066-2A32D752A2FF}</UniqueIdentifier>
      <Extensions>cpp;c;cc;cxx;c++;cppm;ixx;def;odl;idl;hpj;bat;asm;asmx</Extensions>
    </Filter>
    <Filter Include="File di intestazione">
      <UniqueIdentifier>{93995380-89BD-4b04-88EB-625FBE52EBFB}</UniqueIdentifier>
      <Extensions>h;hh;hpp;hxx;h++;hm;inl;inc;ipp;xsd</Extensions>
    </Filter>
    <Filter Include="File di risorse">
      <UniqueIdentifier>{67DA6AB6-F800-4c08-8B7A-83BB121AAD01}</UniqueIdentifier>
      <Extensions>rc;ico;cur;bmp;dlg;rc2;rct;bin;rgs;gif;jpg;jpeg;jpe;resx;tiff;tif;png;wav;mfcribbon-ms</Extensions>
    </Filter>
  </ItemGroup>
  <ItemGroup>
    <ClInclude Include="framework.h">
      <Filter>File di intestazione</Filter>
    </ClInclude>
    <ClInclude Include="targetver.h">
      <Filter>File di intestazione</Filter>
    </ClInclude>
    <ClInclude Include="Resource.h">
      <Filter>File di intestazione</Filter>
    </ClInclude>
    <ClInclude Include="morphemeEditor.h">
      <Filter>File di intestazione</Filter>
    </ClInclude>
    <ClInclude Include="imgui_custom\imgui_custom_logic.h">
      <Filter>File di intestazione</Filter>
    </ClInclude>
    <ClInclude Include="imgui_custom\imgui_custom_widget.h">
      <Filter>File di intestazione</Filter>
    </ClInclude>
    <ClInclude Include="extern.h">
      <Filter>File di intestazione</Filter>
    </ClInclude>
    <ClInclude Include="utils\NMDX\NMDX.h">
      <Filter>File di intestazione</Filter>
    </ClInclude>
    <ClInclude Include="AnimPlayer\AnimPlayer.h">
      <Filter>File di intestazione</Filter>
    </ClInclude>
    <ClInclude Include="AnimObject\AnimObject.h">
      <Filter>File di intestazione</Filter>
    </ClInclude>
    <ClInclude Include="FBXTranslator\FBXTranslator.h">
      <Filter>File di intestazione</Filter>
    </ClInclude>
    <ClInclude Include="MorphemeSystem\AnimLoader\AnimLoader.h">
      <Filter>File di intestazione</Filter>
    </ClInclude>
    <ClInclude Include="MorphemeSystem\AssetLoader\AssetLoader.h">
      <Filter>File di intestazione</Filter>
    </ClInclude>
    <ClInclude Include="MorphemeSystem\MorphemeDecompiler\MorphemeDecompiler.h">
      <Filter>File di intestazione</Filter>
    </ClInclude>
    <ClInclude Include="MorphemeSystem\MorphemeSystem.h">
      <Filter>File di intestazione</Filter>
    </ClInclude>
    <ClInclude Include="Application\Application.h">
      <Filter>File di intestazione</Filter>
    </ClInclude>
    <ClInclude Include="MorphemeEditorApp\MorphemeEditorApp.h">
      <Filter>File di intestazione</Filter>
    </ClInclude>
    <ClInclude Include="RenderManager\RenderManager.h">
      <Filter>File di intestazione</Filter>
    </ClInclude>
    <ClInclude Include="RenderManager\DebugDraw\DebugDraw.h">
      <Filter>File di intestazione</Filter>
    </ClInclude>
    <ClInclude Include="DebugDraw\DebugDraw.h">
      <Filter>File di intestazione</Filter>
    </ClInclude>
    <ClInclude Include="StepTimer\StepTimer.h">
      <Filter>File di intestazione</Filter>
    </ClInclude>
    <ClInclude Include="imgui\imconfig.h">
      <Filter>File di intestazione</Filter>
    </ClInclude>
    <ClInclude Include="imgui\imgui.h">
      <Filter>File di intestazione</Filter>
    </ClInclude>
    <ClInclude Include="imgui\imgui_impl_dx11.h">
      <Filter>File di intestazione</Filter>
    </ClInclude>
    <ClInclude Include="imgui\imgui_impl_win32.h">
      <Filter>File di intestazione</Filter>
    </ClInclude>
    <ClInclude Include="imgui\imgui_internal.h">
      <Filter>File di intestazione</Filter>
    </ClInclude>
    <ClInclude Include="imgui\imstb_rectpack.h">
      <Filter>File di intestazione</Filter>
    </ClInclude>
    <ClInclude Include="imgui\imstb_textedit.h">
      <Filter>File di intestazione</Filter>
    </ClInclude>
    <ClInclude Include="imgui\imstb_truetype.h">
      <Filter>File di intestazione</Filter>
    </ClInclude>
    <ClInclude Include="Camera\Camera.h">
      <Filter>File di intestazione</Filter>
    </ClInclude>
    <ClInclude Include="GuiManager\GuiManager.h">
      <Filter>File di intestazione</Filter>
    </ClInclude>
    <ClInclude Include="MorphemeSystem\CharacterController\CharacterController.h">
      <Filter>File di intestazione</Filter>
    </ClInclude>
    <ClInclude Include="MorphemeSystem\MorphemeCharacter\MorphemeCharacter.h">
      <Filter>File di intestazione</Filter>
    </ClInclude>
    <ClInclude Include="MorphemeSystem\MorphemeCharacterDef\MorphemeCharacterDef.h">
      <Filter>File di intestazione</Filter>
    </ClInclude>
    <ClInclude Include="Character\Character.h">
      <Filter>File di intestazione</Filter>
    </ClInclude>
    <ClInclude Include="CharacterModelCtrl\CharacterModelCtrl.h">
      <Filter>File di intestazione</Filter>
    </ClInclude>
    <ClInclude Include="FlverModel\FlverModel.h">
      <Filter>File di intestazione</Filter>
    </ClInclude>
    <ClInclude Include="TrackEditor\TrackEditorBase.h">
      <Filter>File di intestazione</Filter>
    </ClInclude>
    <ClInclude Include="TrackEditor\Track\Track.h">
      <Filter>File di intestazione</Filter>
    </ClInclude>
    <ClInclude Include="TrackEditor\Track\Event\Event.h">
      <Filter>File di intestazione</Filter>
    </ClInclude>
    <ClInclude Include="TrackEditor\TimeActEditor.h">
      <Filter>File di intestazione</Filter>
    </ClInclude>
    <ClInclude Include="TrackEditor\EventTrackEditor.h">
      <Filter>File di intestazione</Filter>
    </ClInclude>
    <ClInclude Include="XMDTranslator\XMDTranslator.h">
      <Filter>File di intestazione</Filter>
    </ClInclude>
    <ClInclude Include="MorphemeSystem\XMDUtils\XMDUtils.h">
      <Filter>File di intestazione</Filter>
    </ClInclude>
    <ClInclude Include="WorkerThread\ProgressIndicator\ProgressIndicator.h">
      <Filter>File di intestazione</Filter>
    </ClInclude>
    <ClInclude Include="WorkerThread\WorkerThread.h">
      <Filter>File di intestazione</Filter>
    </ClInclude>
    <ClInclude Include="FileIDNamesTable\FileIDNamesTable.h">
      <Filter>File di intestazione</Filter>
    </ClInclude>
    <ClInclude Include="PlayerModelPreset\PlayerModelPreset.h">
      <Filter>File di intestazione</Filter>
    </ClInclude>
    <ClInclude Include="fromloader\src\common\common.h">
      <Filter>File di intestazione</Filter>
    </ClInclude>
    <ClInclude Include="fromloader\src\formats\binder\bdf\bdf3.h">
      <Filter>File di intestazione</Filter>
    </ClInclude>
    <ClInclude Include="fromloader\src\formats\binder\bdf\bdf4.h">
      <Filter>File di intestazione</Filter>
    </ClInclude>
    <ClInclude Include="fromloader\src\formats\binder\bhd\bhd5_0.h">
      <Filter>File di intestazione</Filter>
    </ClInclude>
    <ClInclude Include="fromloader\src\formats\binder\bhd\bhd5_1.h">
      <Filter>File di intestazione</Filter>
    </ClInclude>
    <ClInclude Include="fromloader\src\formats\binder\bnd\bnd3.h">
      <Filter>File di intestazione</Filter>
    </ClInclude>
    <ClInclude Include="fromloader\src\formats\binder\bnd\bnd4.h">
      <Filter>File di intestazione</Filter>
    </ClInclude>
    <ClInclude Include="fromloader\src\formats\binder\binder.h">
      <Filter>File di intestazione</Filter>
    </ClInclude>
    <ClInclude Include="fromloader\src\formats\binder\include.h">
      <Filter>File di intestazione</Filter>
    </ClInclude>
    <ClInclude Include="fromloader\src\formats\dcx\dcx.h">
      <Filter>File di intestazione</Filter>
    </ClInclude>
    <ClInclude Include="fromloader\src\formats\flver\flver0\flver0.h">
      <Filter>File di intestazione</Filter>
    </ClInclude>
    <ClInclude Include="fromloader\src\formats\flver\flver2\flver2.h">
      <Filter>File di intestazione</Filter>
    </ClInclude>
    <ClInclude Include="fromloader\src\formats\flver\flver.h">
      <Filter>File di intestazione</Filter>
    </ClInclude>
    <ClInclude Include="fromloader\src\formats\flver\include.h">
      <Filter>File di intestazione</Filter>
    </ClInclude>
    <ClInclude Include="fromloader\src\formats\mtd\mtd.h">
      <Filter>File di intestazione</Filter>
    </ClInclude>
    <ClInclude Include="fromloader\src\formats\paramdef\paramdef.h">
      <Filter>File di intestazione</Filter>
    </ClInclude>
    <ClInclude Include="fromloader\src\formats\include.h">
      <Filter>File di intestazione</Filter>
    </ClInclude>
    <ClInclude Include="fromloader\src\formats\stdafx.h">
      <Filter>File di intestazione</Filter>
    </ClInclude>
    <ClInclude Include="fromloader\src\util\endian\endian.h">
      <Filter>File di intestazione</Filter>
    </ClInclude>
    <ClInclude Include="fromloader\src\util\file\file.h">
      <Filter>File di intestazione</Filter>
    </ClInclude>
    <ClInclude Include="fromloader\src\util\fileio\fileio.h">
      <Filter>File di intestazione</Filter>
    </ClInclude>
    <ClInclude Include="fromloader\src\util\inflate\inflate.h">
      <Filter>File di intestazione</Filter>
    </ClInclude>
    <ClInclude Include="fromloader\src\util\math\math.h">
      <Filter>File di intestazione</Filter>
    </ClInclude>
    <ClInclude Include="fromloader\src\util\stringio\stringio.h">
      <Filter>File di intestazione</Filter>
    </ClInclude>
    <ClInclude Include="fromloader\src\util\types\types.h">
      <Filter>File di intestazione</Filter>
    </ClInclude>
    <ClInclude Include="fromloader\src\util\validate\validate.h">
      <Filter>File di intestazione</Filter>
    </ClInclude>
    <ClInclude Include="fromloader\src\util\include.h">
      <Filter>File di intestazione</Filter>
    </ClInclude>
    <ClInclude Include="fromloader\src\open.h">
      <Filter>File di intestazione</Filter>
    </ClInclude>
    <ClInclude Include="fromloader\cmem.h">
      <Filter>File di intestazione</Filter>
    </ClInclude>
    <ClInclude Include="fromloader\fromloader.h">
      <Filter>File di intestazione</Filter>
    </ClInclude>
    <ClInclude Include="fromloader\umem.h">
      <Filter>File di intestazione</Filter>
    </ClInclude>
    <ClInclude Include="MorphemeSystem\MorphemeUtils\MorphemeUtils.h">
      <Filter>File di intestazione</Filter>
    </ClInclude>
    <ClInclude Include="MorphemeSystem\MorphemeDecompiler\Node\Node.h">
      <Filter>File di intestazione</Filter>
    </ClInclude>
    <ClInclude Include="MorphemeSystem\MorphemeDecompiler\TransitCondition\TransitCondition.h">
      <Filter>File di intestazione</Filter>
    </ClInclude>
    <ClInclude Include="MorphemeSystem\MorphemeDecompiler\Node\StateMachineNode.h">
      <Filter>File di intestazione</Filter>
    </ClInclude>
    <ClInclude Include="MorphemeSystem\MorphemeDecompiler\Node\ControlParamNode.h">
      <Filter>File di intestazione</Filter>
    </ClInclude>
    <ClInclude Include="MorphemeSystem\MorphemeDecompiler\Node\BlendNode.h">
      <Filter>File di intestazione</Filter>
    </ClInclude>
    <ClInclude Include="MorphemeSystem\MorphemeDecompiler\Node\TransitNode.h">
      <Filter>File di intestazione</Filter>
    </ClInclude>
    <ClInclude Include="MorphemeSystem\MorphemeDecompiler\Node\NodeUtils.h">
      <Filter>File di intestazione</Filter>
    </ClInclude>
    <ClInclude Include="MorphemeSystem\MorphemeDecompiler\Node\IKNode.h">
      <Filter>File di intestazione</Filter>
    </ClInclude>
    <ClInclude Include="MorphemeSystem\MorphemeDecompiler\Node\OperatorNode.h">
      <Filter>File di intestazione</Filter>
    </ClInclude>
    <ClInclude Include="utils\utils.h">
      <Filter>File di intestazione</Filter>
    </ClInclude>
  </ItemGroup>
  <ItemGroup>
    <ClCompile Include="morphemeEditor.cpp">
      <Filter>File di origine</Filter>
    </ClCompile>
    <ClCompile Include="imgui_custom\imgui_custom_logic.cpp">
      <Filter>File di origine</Filter>
    </ClCompile>
    <ClCompile Include="imgui_custom\imgui_custom_widget.cpp">
      <Filter>File di origine</Filter>
    </ClCompile>
    <ClCompile Include="utils\NMDX\NMDX.cpp">
      <Filter>File di origine</Filter>
    </ClCompile>
    <ClCompile Include="AnimPlayer\AnimPlayer.cpp">
      <Filter>File di origine</Filter>
    </ClCompile>
    <ClCompile Include="AnimObject\AnimObject.cpp">
      <Filter>File di origine</Filter>
    </ClCompile>
    <ClCompile Include="FBXTranslator\FBXTranslator.cpp">
      <Filter>File di origine</Filter>
    </ClCompile>
    <ClCompile Include="MorphemeSystem\AnimLoader\AnimLoader.cpp">
      <Filter>File di origine</Filter>
    </ClCompile>
    <ClCompile Include="MorphemeSystem\AssetLoader\AssetLoader.cpp">
      <Filter>File di origine</Filter>
    </ClCompile>
    <ClCompile Include="MorphemeSystem\MorphemeDecompiler\MorphemeDecompiler.cpp">
      <Filter>File di origine</Filter>
    </ClCompile>
    <ClCompile Include="MorphemeSystem\MorphemeSystem.cpp">
      <Filter>File di origine</Filter>
    </ClCompile>
    <ClCompile Include="Application\Application.cpp">
      <Filter>File di origine</Filter>
    </ClCompile>
    <ClCompile Include="MorphemeEditorApp\MorphemeEditorApp.cpp">
      <Filter>File di origine</Filter>
    </ClCompile>
    <ClCompile Include="RenderManager\RenderManager.cpp">
      <Filter>File di origine</Filter>
    </ClCompile>
    <ClCompile Include="DebugDraw\DebugDraw.cpp">
      <Filter>File di origine</Filter>
    </ClCompile>
    <ClCompile Include="imgui\imgui.cpp">
      <Filter>File di origine</Filter>
    </ClCompile>
    <ClCompile Include="imgui\imgui_demo.cpp">
      <Filter>File di origine</Filter>
    </ClCompile>
    <ClCompile Include="imgui\imgui_draw.cpp">
      <Filter>File di origine</Filter>
    </ClCompile>
    <ClCompile Include="imgui\imgui_impl_dx11.cpp">
      <Filter>File di origine</Filter>
    </ClCompile>
    <ClCompile Include="imgui\imgui_impl_win32.cpp">
      <Filter>File di origine</Filter>
    </ClCompile>
    <ClCompile Include="imgui\imgui_tables.cpp">
      <Filter>File di origine</Filter>
    </ClCompile>
    <ClCompile Include="imgui\imgui_widgets.cpp">
      <Filter>File di origine</Filter>
    </ClCompile>
    <ClCompile Include="Camera\Camera.cpp">
      <Filter>File di origine</Filter>
    </ClCompile>
    <ClCompile Include="GuiManager\GuiManager.cpp">
      <Filter>File di origine</Filter>
    </ClCompile>
    <ClCompile Include="MorphemeSystem\CharacterController\CharacterController.cpp">
      <Filter>File di origine</Filter>
    </ClCompile>
    <ClCompile Include="MorphemeSystem\MorphemeCharacter\MorphemeCharacter.cpp">
      <Filter>File di origine</Filter>
    </ClCompile>
    <ClCompile Include="MorphemeSystem\MorphemeCharacterDef\MorphemeCharacterDef.cpp">
      <Filter>File di origine</Filter>
    </ClCompile>
    <ClCompile Include="Character\Character.cpp">
      <Filter>File di origine</Filter>
    </ClCompile>
    <ClCompile Include="CharacterModelCtrl\CharacterModelCtrl.cpp">
      <Filter>File di origine</Filter>
    </ClCompile>
    <ClCompile Include="FlverModel\FlverModel.cpp">
      <Filter>File di origine</Filter>
    </ClCompile>
    <ClCompile Include="TrackEditor\TrackEditorBase.cpp">
      <Filter>File di origine</Filter>
    </ClCompile>
    <ClCompile Include="TrackEditor\Track\Track.cpp">
      <Filter>File di origine</Filter>
    </ClCompile>
    <ClCompile Include="TrackEditor\Track\Event\Event.cpp">
      <Filter>File di origine</Filter>
    </ClCompile>
    <ClCompile Include="TrackEditor\TimeActEditor.cpp">
      <Filter>File di origine</Filter>
    </ClCompile>
    <ClCompile Include="TrackEditor\EventTrackEditor.cpp">
      <Filter>File di origine</Filter>
    </ClCompile>
    <ClCompile Include="XMDTranslator\XMDTranslator.cpp">
      <Filter>File di origine</Filter>
    </ClCompile>
    <ClCompile Include="MorphemeSystem\XMDUtils\XMDUtils.cpp">
      <Filter>File di origine</Filter>
    </ClCompile>
    <ClCompile Include="WorkerThread\ProgressIndicator\ProgressIndicator.cpp">
      <Filter>File di origine</Filter>
    </ClCompile>
    <ClCompile Include="WorkerThread\WorkerThread.cpp">
      <Filter>File di origine</Filter>
    </ClCompile>
    <ClCompile Include="FileIDNamesTable\FileIDNamesTable.cpp">
      <Filter>File di origine</Filter>
    </ClCompile>
    <ClCompile Include="PlayerModelPreset\PlayerModelPreset.cpp">
      <Filter>File di origine</Filter>
    </ClCompile>
    <ClCompile Include="fromloader\src\formats\binder\bnd\bnd3.cpp">
      <Filter>File di origine</Filter>
    </ClCompile>
    <ClCompile Include="fromloader\src\formats\binder\bnd\bnd4.cpp">
      <Filter>File di origine</Filter>
    </ClCompile>
    <ClCompile Include="fromloader\src\formats\binder\binder.cpp">
      <Filter>File di origine</Filter>
    </ClCompile>
    <ClCompile Include="fromloader\src\formats\dcx\dcx.cpp">
      <Filter>File di origine</Filter>
    </ClCompile>
    <ClCompile Include="fromloader\src\formats\flver\flver0\flver0.cpp">
      <Filter>File di origine</Filter>
    </ClCompile>
    <ClCompile Include="fromloader\src\formats\flver\flver2\flver2.cpp">
      <Filter>File di origine</Filter>
    </ClCompile>
    <ClCompile Include="fromloader\src\formats\flver\flver2\flver2_helpers.cpp">
      <Filter>File di origine</Filter>
    </ClCompile>
    <ClCompile Include="fromloader\src\formats\flver\flver.cpp">
      <Filter>File di origine</Filter>
    </ClCompile>
    <ClCompile Include="fromloader\src\formats\mtd\mtd.cpp">
      <Filter>File di origine</Filter>
    </ClCompile>
    <ClCompile Include="fromloader\src\formats\paramdef\paramdef.cpp">
      <Filter>File di origine</Filter>
    </ClCompile>
    <ClCompile Include="fromloader\src\util\endian\endian.cpp">
      <Filter>File di origine</Filter>
    </ClCompile>
    <ClCompile Include="fromloader\src\util\file\file.cpp">
      <Filter>File di origine</Filter>
    </ClCompile>
    <ClCompile Include="fromloader\src\util\fileio\fileio.cpp">
      <Filter>File di origine</Filter>
    </ClCompile>
    <ClCompile Include="fromloader\src\util\inflate\inflate.cpp">
      <Filter>File di origine</Filter>
    </ClCompile>
    <ClCompile Include="fromloader\src\util\stringio\stringio.cpp">
      <Filter>File di origine</Filter>
    </ClCompile>
    <ClCompile Include="fromloader\src\util\types\types.cpp">
      <Filter>File di origine</Filter>
    </ClCompile>
    <ClCompile Include="fromloader\src\util\validate\validate.cpp">
      <Filter>File di origine</Filter>
    </ClCompile>
    <ClCompile Include="fromloader\src\open.cpp">
      <Filter>File di origine</Filter>
    </ClCompile>
    <ClCompile Include="fromloader\cmem.c">
      <Filter>File di origine</Filter>
    </ClCompile>
    <ClCompile Include="fromloader\umem.c">
      <Filter>File di origine</Filter>
    </ClCompile>
    <ClCompile Include="MorphemeSystem\MorphemeUtils\MorphemeUtils.cpp">
      <Filter>File di origine</Filter>
    </ClCompile>
    <ClCompile Include="MorphemeSystem\MorphemeDecompiler\Node\Node.cpp">
      <Filter>File di origine</Filter>
    </ClCompile>
    <ClCompile Include="MorphemeSystem\MorphemeDecompiler\TransitCondition\TransitCondition.cpp">
      <Filter>File di origine</Filter>
    </ClCompile>
    <ClCompile Include="MorphemeSystem\MorphemeDecompiler\Node\StateMachineNode.cpp">
      <Filter>File di origine</Filter>
    </ClCompile>
    <ClCompile Include="MorphemeSystem\MorphemeDecompiler\Node\ControlParamNode.cpp">
      <Filter>File di origine</Filter>
    </ClCompile>
    <ClCompile Include="MorphemeSystem\MorphemeDecompiler\Node\BlendNode.cpp">
      <Filter>File di origine</Filter>
    </ClCompile>
    <ClCompile Include="MorphemeSystem\MorphemeDecompiler\Node\TransitNode.cpp">
      <Filter>File di origine</Filter>
    </ClCompile>
    <ClCompile Include="MorphemeSystem\MorphemeDecompiler\Node\NodeUtils.cpp">
      <Filter>File di origine</Filter>
    </ClCompile>
    <ClCompile Include="MorphemeSystem\MorphemeDecompiler\Node\IKNode.cpp">
      <Filter>File di origine</Filter>
    </ClCompile>
    <ClCompile Include="MorphemeSystem\MorphemeDecompiler\Node\OperatorNode.cpp">
      <Filter>File di origine</Filter>
    </ClCompile>
    <ClCompile Include="utils\utils.cpp">
      <Filter>File di origine</Filter>
    </ClCompile>
  </ItemGroup>
  <ItemGroup>
    <ResourceCompile Include="morphemeEditor.rc">
      <Filter>File di risorse</Filter>
    </ResourceCompile>
  </ItemGroup>
  <ItemGroup>
    <Image Include="small.ico">
      <Filter>File di risorse</Filter>
    </Image>
    <Image Include="morphemeEditor.ico">
      <Filter>File di risorse</Filter>
    </Image>
  </ItemGroup>
  <ItemGroup>
    <None Include="ClassDiagram.cd" />
    <None Include="fromloader\src\util\stringio\simple_sjis_table.bin">
      <Filter>File di risorse</Filter>
    </None>
    <None Include="packages.config" />
  </ItemGroup>
</Project>