<?xml version="1.0" encoding="utf-8"?>
<Project ToolsVersion="4.0" xmlns="http://schemas.microsoft.com/developer/msbuild/2003">
  <ItemGroup>
    <Filter Include="Source Files">
      <UniqueIdentifier>{4FC737F1-C7A5-4376-A066-2A32D752A2FF}</UniqueIdentifier>
      <Extensions>cpp;c;cc;cxx;c++;cppm;ixx;def;odl;idl;hpj;bat;asm;asmx</Extensions>
    </Filter>
    <Filter Include="Header Files">
      <UniqueIdentifier>{93995380-89BD-4b04-88EB-625FBE52EBFB}</UniqueIdentifier>
      <Extensions>h;hh;hpp;hxx;h++;hm;inl;inc;ipp;xsd</Extensions>
    </Filter>
    <Filter Include="Resource Files">
      <UniqueIdentifier>{67DA6AB6-F800-4c08-8B7A-83BB121AAD01}</UniqueIdentifier>
      <Extensions>rc;ico;cur;bmp;dlg;rc2;rct;bin;rgs;gif;jpg;jpeg;jpe;resx;tiff;tif;png;wav;mfcribbon-ms</Extensions>
    </Filter>
  </ItemGroup>
  <ItemGroup>
    <None Include="packages.config" />
    <None Include="fromloader\src\util\stringio\simple_sjis_table.bin">
      <Filter>Resource Files</Filter>
    </None>
  </ItemGroup>
  <ItemGroup>
    <ClCompile Include="TimeActEditor\TimeActEditor.cpp">
      <Filter>Source Files</Filter>
    </ClCompile>
    <ClCompile Include="Application\Application.cpp">
      <Filter>Source Files</Filter>
    </ClCompile>
    <ClCompile Include="EventTrackEditor\EventTrackEditor.cpp">
      <Filter>Source Files</Filter>
    </ClCompile>
    <ClCompile Include="FlverModel\FlverModel.cpp">
      <Filter>Source Files</Filter>
    </ClCompile>
    <ClCompile Include="fromloader\src\formats\binder\bnd\bnd3.cpp">
      <Filter>Source Files</Filter>
    </ClCompile>
    <ClCompile Include="fromloader\src\formats\binder\bnd\bnd4.cpp">
      <Filter>Source Files</Filter>
    </ClCompile>
    <ClCompile Include="fromloader\src\formats\binder\binder.cpp">
      <Filter>Source Files</Filter>
    </ClCompile>
    <ClCompile Include="fromloader\src\formats\dcx\dcx.cpp">
      <Filter>Source Files</Filter>
    </ClCompile>
    <ClCompile Include="fromloader\src\formats\flver\flver0\flver0.cpp">
      <Filter>Source Files</Filter>
    </ClCompile>
    <ClCompile Include="fromloader\src\formats\flver\flver2\flver2.cpp">
      <Filter>Source Files</Filter>
    </ClCompile>
    <ClCompile Include="fromloader\src\formats\flver\flver2\flver2_helpers.cpp">
      <Filter>Source Files</Filter>
    </ClCompile>
    <ClCompile Include="fromloader\src\formats\flver\flver.cpp">
      <Filter>Source Files</Filter>
    </ClCompile>
    <ClCompile Include="fromloader\src\formats\mtd\mtd.cpp">
      <Filter>Source Files</Filter>
    </ClCompile>
    <ClCompile Include="fromloader\src\formats\paramdef\paramdef.cpp">
      <Filter>Source Files</Filter>
    </ClCompile>
    <ClCompile Include="fromloader\src\util\endian\endian.cpp">
      <Filter>Source Files</Filter>
    </ClCompile>
    <ClCompile Include="fromloader\src\util\file\file.cpp">
      <Filter>Source Files</Filter>
    </ClCompile>
    <ClCompile Include="fromloader\src\util\fileio\fileio.cpp">
      <Filter>Source Files</Filter>
    </ClCompile>
    <ClCompile Include="fromloader\src\util\inflate\inflate.cpp">
      <Filter>Source Files</Filter>
    </ClCompile>
    <ClCompile Include="fromloader\src\util\stringio\stringio.cpp">
      <Filter>Source Files</Filter>
    </ClCompile>
    <ClCompile Include="fromloader\src\util\types\types.cpp">
      <Filter>Source Files</Filter>
    </ClCompile>
    <ClCompile Include="fromloader\src\util\validate\validate.cpp">
      <Filter>Source Files</Filter>
    </ClCompile>
    <ClCompile Include="fromloader\src\open.cpp">
      <Filter>Source Files</Filter>
    </ClCompile>
    <ClCompile Include="fromloader\cmem.c">
      <Filter>Source Files</Filter>
    </ClCompile>
    <ClCompile Include="fromloader\umem.c">
      <Filter>Source Files</Filter>
    </ClCompile>
    <ClCompile Include="FromsoftFormat\BNDReader\BNDReader.cpp">
      <Filter>Source Files</Filter>
    </ClCompile>
    <ClCompile Include="FromsoftFormat\FlverReader\FlverReader.cpp">
      <Filter>Source Files</Filter>
    </ClCompile>
    <ClCompile Include="FromsoftFormat\TimeActReader\TimeActEvent\TimeActEventData\TimeActEventData.cpp">
      <Filter>Source Files</Filter>
    </ClCompile>
    <ClCompile Include="FromsoftFormat\TimeActReader\TimeActEvent\TimeActEvent.cpp">
      <Filter>Source Files</Filter>
    </ClCompile>
    <ClCompile Include="FromsoftFormat\TimeActReader\TimeActReader.cpp">
      <Filter>Source Files</Filter>
    </ClCompile>
    <ClCompile Include="imgui\custom\imgui_custom_logic.cpp">
      <Filter>Source Files</Filter>
    </ClCompile>
    <ClCompile Include="imgui\custom\imgui_custom_widget.cpp">
      <Filter>Source Files</Filter>
    </ClCompile>
    <ClCompile Include="imgui\imgui.cpp">
      <Filter>Source Files</Filter>
    </ClCompile>
    <ClCompile Include="imgui\imgui_demo.cpp">
      <Filter>Source Files</Filter>
    </ClCompile>
    <ClCompile Include="imgui\imgui_draw.cpp">
      <Filter>Source Files</Filter>
    </ClCompile>
    <ClCompile Include="imgui\imgui_impl_dx11.cpp">
      <Filter>Source Files</Filter>
    </ClCompile>
    <ClCompile Include="imgui\imgui_impl_win32.cpp">
      <Filter>Source Files</Filter>
    </ClCompile>
    <ClCompile Include="imgui\imgui_tables.cpp">
      <Filter>Source Files</Filter>
    </ClCompile>
    <ClCompile Include="imgui\imgui_widgets.cpp">
      <Filter>Source Files</Filter>
    </ClCompile>
    <ClCompile Include="imsequencer\ImSequencer.cpp">
      <Filter>Source Files</Filter>
    </ClCompile>
    <ClCompile Include="inih\ini.c">
      <Filter>Source Files</Filter>
    </ClCompile>
    <ClCompile Include="inih\INIReader.cpp">
      <Filter>Source Files</Filter>
    </ClCompile>
    <ClCompile Include="ProcessReader\ProcessReader.cpp">
      <Filter>Source Files</Filter>
    </ClCompile>
    <ClCompile Include="RLog\RDebug\RDebug.cpp">
      <Filter>Source Files</Filter>
    </ClCompile>
    <ClCompile Include="RLog\TextLog\TextLog.cpp">
      <Filter>Source Files</Filter>
    </ClCompile>
    <ClCompile Include="RLog\RLog.cpp">
      <Filter>Source Files</Filter>
    </ClCompile>
    <ClCompile Include="RMath\RMath.cpp">
      <Filter>Source Files</Filter>
    </ClCompile>
    <ClCompile Include="RString\RString.cpp">
      <Filter>Source Files</Filter>
    </ClCompile>
    <ClCompile Include="Scene\Camera\Camera.cpp">
      <Filter>Source Files</Filter>
    </ClCompile>
    <ClCompile Include="Scene\DebugDraw.cpp">
      <Filter>Source Files</Filter>
    </ClCompile>
    <ClCompile Include="Scene\Scene.cpp">
      <Filter>Source Files</Filter>
    </ClCompile>
    <ClCompile Include="TaeTemplate\TaeTemplate.cpp">
      <Filter>Source Files</Filter>
    </ClCompile>
    <ClCompile Include="MorphemeEditor.cpp">
      <Filter>Source Files</Filter>
    </ClCompile>
    <ClCompile Include="MorphemeSystem\AnimLoader.cpp">
      <Filter>Source Files</Filter>
    </ClCompile>
    <ClCompile Include="utils\MorphemeToDirectX.cpp">
      <Filter>Source Files</Filter>
    </ClCompile>
    <ClCompile Include="MorphemeSystem\AssetLoader.cpp">
      <Filter>Source Files</Filter>
    </ClCompile>
    <ClCompile Include="MorphemeSystem\Character.cpp">
      <Filter>Source Files</Filter>
    </ClCompile>
    <ClCompile Include="MorphemeSystem\CharacterController.cpp">
      <Filter>Source Files</Filter>
    </ClCompile>
    <ClCompile Include="MorphemeSystem\CharacterDef.cpp">
      <Filter>Source Files</Filter>
    </ClCompile>
    <ClCompile Include="MorphemeSystem\MorphemeSystem.cpp">
      <Filter>Source Files</Filter>
    </ClCompile>
    <ClCompile Include="AnimSourceInterface\AnimSourceInterface.cpp">
      <Filter>Source Files</Filter>
    </ClCompile>
    <ClCompile Include="AnimPlayer\AnimPlayer.cpp">
      <Filter>Source Files</Filter>
    </ClCompile>
    <ClCompile Include="FBXTranslator\FBXTranslator.cpp">
      <Filter>Source Files</Filter>
    </ClCompile>
  </ItemGroup>
  <ItemGroup>
    <ClInclude Include="TimeActEditor\TimeActEditor.h">
      <Filter>Header Files</Filter>
    </ClInclude>
    <ClInclude Include="Application\Application.h">
      <Filter>Header Files</Filter>
    </ClInclude>
    <ClInclude Include="EventTrackEditor\EventTrackEditor.h">
      <Filter>Header Files</Filter>
    </ClInclude>
    <ClInclude Include="FlverModel\FlverModel.h">
      <Filter>Header Files</Filter>
    </ClInclude>
    <ClInclude Include="fromloader\src\common\common.h">
      <Filter>Header Files</Filter>
    </ClInclude>
    <ClInclude Include="fromloader\src\formats\binder\bdf\bdf3.h">
      <Filter>Header Files</Filter>
    </ClInclude>
    <ClInclude Include="fromloader\src\formats\binder\bdf\bdf4.h">
      <Filter>Header Files</Filter>
    </ClInclude>
    <ClInclude Include="fromloader\src\formats\binder\bhd\bhd5_0.h">
      <Filter>Header Files</Filter>
    </ClInclude>
    <ClInclude Include="fromloader\src\formats\binder\bhd\bhd5_1.h">
      <Filter>Header Files</Filter>
    </ClInclude>
    <ClInclude Include="fromloader\src\formats\binder\bnd\bnd3.h">
      <Filter>Header Files</Filter>
    </ClInclude>
    <ClInclude Include="fromloader\src\formats\binder\bnd\bnd4.h">
      <Filter>Header Files</Filter>
    </ClInclude>
    <ClInclude Include="fromloader\src\formats\binder\binder.h">
      <Filter>Header Files</Filter>
    </ClInclude>
    <ClInclude Include="fromloader\src\formats\binder\include.h">
      <Filter>Header Files</Filter>
    </ClInclude>
    <ClInclude Include="fromloader\src\formats\dcx\dcx.h">
      <Filter>Header Files</Filter>
    </ClInclude>
    <ClInclude Include="fromloader\src\formats\flver\flver0\flver0.h">
      <Filter>Header Files</Filter>
    </ClInclude>
    <ClInclude Include="fromloader\src\formats\flver\flver2\flver2.h">
      <Filter>Header Files</Filter>
    </ClInclude>
    <ClInclude Include="fromloader\src\formats\flver\flver.h">
      <Filter>Header Files</Filter>
    </ClInclude>
    <ClInclude Include="fromloader\src\formats\flver\include.h">
      <Filter>Header Files</Filter>
    </ClInclude>
    <ClInclude Include="fromloader\src\formats\mtd\mtd.h">
      <Filter>Header Files</Filter>
    </ClInclude>
    <ClInclude Include="fromloader\src\formats\paramdef\paramdef.h">
      <Filter>Header Files</Filter>
    </ClInclude>
    <ClInclude Include="fromloader\src\formats\include.h">
      <Filter>Header Files</Filter>
    </ClInclude>
    <ClInclude Include="fromloader\src\formats\stdafx.h">
      <Filter>Header Files</Filter>
    </ClInclude>
    <ClInclude Include="fromloader\src\util\endian\endian.h">
      <Filter>Header Files</Filter>
    </ClInclude>
    <ClInclude Include="fromloader\src\util\file\file.h">
      <Filter>Header Files</Filter>
    </ClInclude>
    <ClInclude Include="fromloader\src\util\fileio\fileio.h">
      <Filter>Header Files</Filter>
    </ClInclude>
    <ClInclude Include="fromloader\src\util\inflate\inflate.h">
      <Filter>Header Files</Filter>
    </ClInclude>
    <ClInclude Include="fromloader\src\util\math\math.h">
      <Filter>Header Files</Filter>
    </ClInclude>
    <ClInclude Include="fromloader\src\util\stringio\stringio.h">
      <Filter>Header Files</Filter>
    </ClInclude>
    <ClInclude Include="fromloader\src\util\types\types.h">
      <Filter>Header Files</Filter>
    </ClInclude>
    <ClInclude Include="fromloader\src\util\validate\validate.h">
      <Filter>Header Files</Filter>
    </ClInclude>
    <ClInclude Include="fromloader\src\util\include.h">
      <Filter>Header Files</Filter>
    </ClInclude>
    <ClInclude Include="fromloader\src\open.h">
      <Filter>Header Files</Filter>
    </ClInclude>
    <ClInclude Include="fromloader\cmem.h">
      <Filter>Header Files</Filter>
    </ClInclude>
    <ClInclude Include="fromloader\fromloader.h">
      <Filter>Header Files</Filter>
    </ClInclude>
    <ClInclude Include="fromloader\umem.h">
      <Filter>Header Files</Filter>
    </ClInclude>
    <ClInclude Include="FromsoftFormat\BNDReader\BNDReader.h">
      <Filter>Header Files</Filter>
    </ClInclude>
    <ClInclude Include="FromsoftFormat\FlverReader\FlverReader.h">
      <Filter>Header Files</Filter>
    </ClInclude>
    <ClInclude Include="FromsoftFormat\TimeActReader\TimeActEvent\TimeActEventData\TimeActEventData.h">
      <Filter>Header Files</Filter>
    </ClInclude>
    <ClInclude Include="FromsoftFormat\TimeActReader\TimeActEvent\TimeActEvent.h">
      <Filter>Header Files</Filter>
    </ClInclude>
    <ClInclude Include="FromsoftFormat\TimeActReader\TimeActReader.h">
      <Filter>Header Files</Filter>
    </ClInclude>
    <ClInclude Include="FromsoftFormat\Utils\MemReader\MemReader.h">
      <Filter>Header Files</Filter>
    </ClInclude>
    <ClInclude Include="imgui\custom\imgui_custom_logic.h">
      <Filter>Header Files</Filter>
    </ClInclude>
    <ClInclude Include="imgui\custom\imgui_custom_widget.h">
      <Filter>Header Files</Filter>
    </ClInclude>
    <ClInclude Include="imgui\imconfig.h">
      <Filter>Header Files</Filter>
    </ClInclude>
    <ClInclude Include="imgui\imgui.h">
      <Filter>Header Files</Filter>
    </ClInclude>
    <ClInclude Include="imgui\imgui_impl_dx11.h">
      <Filter>Header Files</Filter>
    </ClInclude>
    <ClInclude Include="imgui\imgui_impl_win32.h">
      <Filter>Header Files</Filter>
    </ClInclude>
    <ClInclude Include="imgui\imgui_internal.h">
      <Filter>Header Files</Filter>
    </ClInclude>
    <ClInclude Include="imgui\imstb_rectpack.h">
      <Filter>Header Files</Filter>
    </ClInclude>
    <ClInclude Include="imgui\imstb_textedit.h">
      <Filter>Header Files</Filter>
    </ClInclude>
    <ClInclude Include="imgui\imstb_truetype.h">
      <Filter>Header Files</Filter>
    </ClInclude>
    <ClInclude Include="imsequencer\ImSequencer.h">
      <Filter>Header Files</Filter>
    </ClInclude>
    <ClInclude Include="inih\ini.h">
      <Filter>Header Files</Filter>
    </ClInclude>
    <ClInclude Include="inih\INIReader.h">
      <Filter>Header Files</Filter>
    </ClInclude>
    <ClInclude Include="ProcessReader\ProcessReader.h">
      <Filter>Header Files</Filter>
    </ClInclude>
    <ClInclude Include="RLog\RDebug\RDebug.h">
      <Filter>Header Files</Filter>
    </ClInclude>
    <ClInclude Include="RLog\TextLog\TextLog.h">
      <Filter>Header Files</Filter>
    </ClInclude>
    <ClInclude Include="RLog\RLog.h">
      <Filter>Header Files</Filter>
    </ClInclude>
    <ClInclude Include="RMath\RMath.h">
      <Filter>Header Files</Filter>
    </ClInclude>
    <ClInclude Include="RString\RString.h">
      <Filter>Header Files</Filter>
    </ClInclude>
    <ClInclude Include="Scene\Camera\Camera.h">
      <Filter>Header Files</Filter>
    </ClInclude>
    <ClInclude Include="Scene\DebugDraw.h">
      <Filter>Header Files</Filter>
    </ClInclude>
    <ClInclude Include="Scene\Scene.h">
      <Filter>Header Files</Filter>
    </ClInclude>
    <ClInclude Include="Scene\StepTimer.h">
      <Filter>Header Files</Filter>
    </ClInclude>
    <ClInclude Include="TaeTemplate\TaeTemplate.h">
      <Filter>Header Files</Filter>
    </ClInclude>
    <ClInclude Include="extern.h">
      <Filter>Header Files</Filter>
    </ClInclude>
    <ClInclude Include="framework.h">
      <Filter>Header Files</Filter>
    </ClInclude>
    <ClInclude Include="MorphemeEditor.h">
      <Filter>Header Files</Filter>
    </ClInclude>
    <ClInclude Include="targetver.h">
      <Filter>Header Files</Filter>
    </ClInclude>
    <ClInclude Include="utils\MorphemeToDirectX.h">
      <Filter>Header Files</Filter>
    </ClInclude>
    <ClInclude Include="MorphemeSystem\AnimLoader.h">
      <Filter>Header Files</Filter>
    </ClInclude>
    <ClInclude Include="MorphemeSystem\AssetLoader.h">
      <Filter>Header Files</Filter>
    </ClInclude>
    <ClInclude Include="MorphemeSystem\Character.h">
      <Filter>Header Files</Filter>
    </ClInclude>
    <ClInclude Include="MorphemeSystem\CharacterController.h">
      <Filter>Header Files</Filter>
    </ClInclude>
    <ClInclude Include="MorphemeSystem\CharacterDef.h">
      <Filter>Header Files</Filter>
    </ClInclude>
    <ClInclude Include="MorphemeSystem\MorphemeSystem.h">
      <Filter>Header Files</Filter>
    </ClInclude>
    <ClInclude Include="resources\resource.h">
      <Filter>Header Files</Filter>
    </ClInclude>
    <ClInclude Include="AnimSourceInterface\AnimSourceInterface.h">
      <Filter>Header Files</Filter>
    </ClInclude>
    <ClInclude Include="resources\resource1.h">
      <Filter>Header Files</Filter>
    </ClInclude>
    <ClInclude Include="AnimPlayer\AnimPlayer.h">
      <Filter>Header Files</Filter>
    </ClInclude>
    <ClInclude Include="FBXTranslator\FBXTranslator.h">
      <Filter>Header Files</Filter>
    </ClInclude>
  </ItemGroup>
  <ItemGroup>
    <ResourceCompile Include="resources\morphemeEditor.rc">
      <Filter>Resource Files</Filter>
    </ResourceCompile>
  </ItemGroup>
  <ItemGroup>
    <Image Include="resources\MorphemeConnect.ico">
      <Filter>Resource Files</Filter>
    </Image>
    <Image Include="small.ico">
      <Filter>Resource Files</Filter>
    </Image>
    <Image Include="resources\morphemeEditor.ico">
      <Filter>Resource Files</Filter>
    </Image>
    <Image Include="resources\small.ico">
      <Filter>Resource Files</Filter>
    </Image>
  </ItemGroup>
</Project>