<?xml version="1.0" encoding="utf-8"?>
<Project ToolsVersion="4.0" xmlns="http://schemas.microsoft.com/developer/msbuild/2003">
  <ItemGroup>
    <Filter Include="Source Files">
      <UniqueIdentifier>{4FC737F1-C7A5-4376-A066-2A32D752A2FF}</UniqueIdentifier>
      <Extensions>cpp;c;cc;cxx;c++;cppm;ixx;def;odl;idl;hpj;bat;asm;asmx</Extensions>
    </Filter>
    <Filter Include="Header Files">
      <UniqueIdentifier>{93995380-89BD-4b04-88EB-625FBE52EBFB}</UniqueIdentifier>
      <Extensions>h;hh;hpp;hxx;h++;hm;inl;inc;ipp;xsd</Extensions>
    </Filter>
    <Filter Include="Resource Files">
      <UniqueIdentifier>{67DA6AB6-F800-4c08-8B7A-83BB121AAD01}</UniqueIdentifier>
      <Extensions>rc;ico;cur;bmp;dlg;rc2;rct;bin;rgs;gif;jpg;jpeg;jpe;resx;tiff;tif;png;wav;mfcribbon-ms</Extensions>
    </Filter>
  </ItemGroup>
  <ItemGroup>
    <ClCompile Include="morphemeConnectCore.h">
      <Filter>Source Files</Filter>
    </ClCompile>
    <ClCompile Include="mcd\Attribute\Attribute.cpp">
      <Filter>Source Files</Filter>
    </ClCompile>
    <ClCompile Include="mcd\Attribute\SingleValue\BoolAttribute.cpp">
      <Filter>Source Files</Filter>
    </ClCompile>
    <ClCompile Include="mcd\Attribute\AttributePlaceholder\AttributePlaceholder.cpp">
      <Filter>Source Files</Filter>
    </ClCompile>
    <ClCompile Include="mcd\Attribute\SingleValue\FloatAttribute.cpp">
      <Filter>Source Files</Filter>
    </ClCompile>
    <ClCompile Include="mcd\Attribute\SingleValue\IntAttribute.cpp">
      <Filter>Source Files</Filter>
    </ClCompile>
    <ClCompile Include="mcd\Attribute\SingleValue\StringAttribute.cpp">
      <Filter>Source Files</Filter>
    </ClCompile>
    <ClCompile Include="mcd\Pin\DataPin.cpp">
      <Filter>Source Files</Filter>
    </ClCompile>
    <ClCompile Include="mcd\ControlParameter\ControlParameter.cpp">
      <Filter>Source Files</Filter>
    </ClCompile>
    <ClCompile Include="mcc\MorphemeDocument\MorphemeDocument.cpp">
      <Filter>Source Files</Filter>
    </ClCompile>
    <ClCompile Include="mcd\MorphemeDB\MorphemeDB.cpp">
      <Filter>Source Files</Filter>
    </ClCompile>
    <ClCompile Include="mcd\Edge\FlowEdge.cpp">
      <Filter>Source Files</Filter>
    </ClCompile>
    <ClCompile Include="mcd\Graph\Graph.cpp">
      <Filter>Source Files</Filter>
    </ClCompile>
    <ClCompile Include="mcd\Graph\GraphNode.cpp">
      <Filter>Source Files</Filter>
    </ClCompile>
    <ClCompile Include="mcd\BlendTree\BlendTreeNode.cpp">
      <Filter>Source Files</Filter>
    </ClCompile>
    <ClCompile Include="mcd\BlendTree\BlendTree.cpp">
      <Filter>Source Files</Filter>
    </ClCompile>
    <ClCompile Include="mcd\ControlParametersNode\ControlParametersNode.cpp">
      <Filter>Source Files</Filter>
    </ClCompile>
    <ClCompile Include="mcd\Network\Network.cpp">
      <Filter>Source Files</Filter>
    </ClCompile>
    <ClCompile Include="mcd\StateMachine\StateMachineNode.cpp">
      <Filter>Source Files</Filter>
    </ClCompile>
    <ClCompile Include="mcd\Condition\Condition.cpp">
      <Filter>Source Files</Filter>
    </ClCompile>
    <ClCompile Include="mcd\Transition\TransitionEdge.cpp">
      <Filter>Source Files</Filter>
    </ClCompile>
    <ClCompile Include="mcd\StateMachine\StateMachine.cpp">
      <Filter>Source Files</Filter>
    </ClCompile>
    <ClCompile Include="mcd\Pin\FunctionalPin.cpp">
      <Filter>Source Files</Filter>
    </ClCompile>
    <ClCompile Include="mcd\Attribute\AnimationSet\AnimationSetAttribute.cpp">
      <Filter>Source Files</Filter>
    </ClCompile>
    <ClCompile Include="mcc\MorphemeManifest\MMManifestItem\Attribute\MMAttribute.cpp">
      <Filter>Source Files</Filter>
    </ClCompile>
    <ClCompile Include="mcc\MorphemeManifest\MMManifestItem\Pin\MMPin.cpp">
      <Filter>Source Files</Filter>
    </ClCompile>
    <ClCompile Include="mcc\MorphemeManifest\MMManifestItem\Pin\MMFunctionalPin.cpp">
      <Filter>Source Files</Filter>
    </ClCompile>
    <ClCompile Include="mcc\MorphemeManifest\MMManifestItem\Pin\MMDataPin.cpp">
      <Filter>Source Files</Filter>
    </ClCompile>
    <ClCompile Include="mcc\MorphemeManifest\MMManifestItem\Node\MMNode.cpp">
      <Filter>Source Files</Filter>
    </ClCompile>
    <ClCompile Include="mcc\MorphemeManifest\MorphemeManifest.cpp">
      <Filter>Source Files</Filter>
    </ClCompile>
    <ClCompile Include="mcc\MorphemeManifest\MMManifestItem\Condition\MMCondition.cpp">
      <Filter>Source Files</Filter>
    </ClCompile>
    <ClCompile Include="mcc\MorphemeManifest\MMManifestItem\Transition\MMTransition.cpp">
      <Filter>Source Files</Filter>
    </ClCompile>
    <ClCompile Include="mcc\AttributeInfo\AttributeInfo.cpp">
      <Filter>Source Files</Filter>
    </ClCompile>
    <ClCompile Include="mcd\Pin\Pin.cpp">
      <Filter>Source Files</Filter>
    </ClCompile>
    <ClCompile Include="mcd\Pin\PassDownPin.cpp">
      <Filter>Source Files</Filter>
    </ClCompile>
    <ClCompile Include="DataTypes.cpp">
      <Filter>Source Files</Filter>
    </ClCompile>
    <ClCompile Include="mcd\Attribute\Array\BoolArrayAttribute.cpp">
      <Filter>Source Files</Filter>
    </ClCompile>
    <ClCompile Include="mcd\Attribute\Array\FloatArrayAttribute.cpp">
      <Filter>Source Files</Filter>
    </ClCompile>
    <ClCompile Include="mcd\Attribute\Array\IntArrayAttribute.cpp">
      <Filter>Source Files</Filter>
    </ClCompile>
    <ClCompile Include="mcd\Attribute\SingleValue\ControlParameterAttribute.cpp">
      <Filter>Source Files</Filter>
    </ClCompile>
    <ClCompile Include="mcd\RequestsNode\RequestsNode.cpp">
      <Filter>Source Files</Filter>
    </ClCompile>
    <ClCompile Include="mcd\Request\Request.cpp">
      <Filter>Source Files</Filter>
    </ClCompile>
    <ClCompile Include="mcc\MorphemeDBLoader\MorphemeDBLoader.cpp">
      <Filter>Source Files</Filter>
    </ClCompile>
    <ClCompile Include="mcd\Attribute\SingleValue\RefAttribute.cpp">
      <Filter>Source Files</Filter>
    </ClCompile>
    <ClCompile Include="mcc\GraphObjectPath\GraphObjectPath.cpp">
      <Filter>Source Files</Filter>
    </ClCompile>
    <ClCompile Include="mcd\Attribute\RigChannelName\RigChannelNameAttribute.cpp">
      <Filter>Source Files</Filter>
    </ClCompile>
    <ClCompile Include="mcd\Attribute\AnimationTake\AnimationTakeAttribute.cpp">
      <Filter>Source Files</Filter>
    </ClCompile>
    <ClCompile Include="mcd\Attribute\RequestAttribute\RequestAttribute.cpp">
      <Filter>Source Files</Filter>
    </ClCompile>
    <ClCompile Include="mcd\AttributePinNodeBase\AttributePinNodeBase.cpp">
      <Filter>Source Files</Filter>
    </ClCompile>
    <ClCompile Include="mcu\Log\Log.cpp">
      <Filter>Source Files</Filter>
    </ClCompile>
  </ItemGroup>
  <ItemGroup>
    <ClInclude Include="mcd\mcd.h">
      <Filter>Header Files</Filter>
    </ClInclude>
    <ClInclude Include="mcd\Attribute\Attribute.h">
      <Filter>Header Files</Filter>
    </ClInclude>
    <ClInclude Include="mcd\Attribute\SingleValue\BoolAttribute.h">
      <Filter>Header Files</Filter>
    </ClInclude>
    <ClInclude Include="mcd\MorphemeDB\MorphemeDB.h">
      <Filter>Header Files</Filter>
    </ClInclude>
    <ClInclude Include="mcd\Attribute\AttributePlaceholder\AttributePlaceholder.h">
      <Filter>Header Files</Filter>
    </ClInclude>
    <ClInclude Include="NMDBExtensions\TypedNodeContainer.inl">
      <Filter>Header Files</Filter>
    </ClInclude>
    <ClInclude Include="mcd\Attribute\SingleValue\FloatAttribute.h">
      <Filter>Header Files</Filter>
    </ClInclude>
    <ClInclude Include="mcd\Attribute\SingleValue\IntAttribute.h">
      <Filter>Header Files</Filter>
    </ClInclude>
    <ClInclude Include="mcd\Attribute\SingleValue\StringAttribute.h">
      <Filter>Header Files</Filter>
    </ClInclude>
    <ClInclude Include="mcd\ControlParameter\ControlParameter.h">
      <Filter>Header Files</Filter>
    </ClInclude>
    <ClInclude Include="mcd\Pin\Pin.h">
      <Filter>Header Files</Filter>
    </ClInclude>
    <ClInclude Include="mcd\Pin\DataPin.h">
      <Filter>Header Files</Filter>
    </ClInclude>
    <ClInclude Include="mcc\MorphemeDocument\MorphemeDocument.h">
      <Filter>Header Files</Filter>
    </ClInclude>
    <ClInclude Include="DataTypes.h">
      <Filter>Header Files</Filter>
    </ClInclude>
    <ClInclude Include="mcd\Network\Network.h">
      <Filter>Header Files</Filter>
    </ClInclude>
    <ClInclude Include="mcd\Graph\Graph.h">
      <Filter>Header Files</Filter>
    </ClInclude>
    <ClInclude Include="NMDBExtensions\Pointer.inl">
      <Filter>Header Files</Filter>
    </ClInclude>
    <ClInclude Include="mcd\Edge\Edge.inl">
      <Filter>Header Files</Filter>
    </ClInclude>
    <ClInclude Include="mcd\Edge\FlowEdge.h">
      <Filter>Header Files</Filter>
    </ClInclude>
    <ClInclude Include="mcd\ControlParametersNode\ControlParametersNode.h">
      <Filter>Header Files</Filter>
    </ClInclude>
    <ClInclude Include="mcd\BlendTree\BlendTree.h">
      <Filter>Header Files</Filter>
    </ClInclude>
    <ClInclude Include="mcd\Graph\GraphNode.h">
      <Filter>Header Files</Filter>
    </ClInclude>
    <ClInclude Include="mcd\BlendTree\BlendTreeNode.h">
      <Filter>Header Files</Filter>
    </ClInclude>
    <ClInclude Include="mcd\StateMachine\StateMachine.h">
      <Filter>Header Files</Filter>
    </ClInclude>
    <ClInclude Include="mcd\StateMachine\StateMachineNode.h">
      <Filter>Header Files</Filter>
    </ClInclude>
    <ClInclude Include="mcd\Transition\TransitionEdge.h">
      <Filter>Header Files</Filter>
    </ClInclude>
    <ClInclude Include="mcd\Condition\Condition.h">
      <Filter>Header Files</Filter>
    </ClInclude>
    <ClInclude Include="mcd\Pin\FunctionalPin.h">
      <Filter>Header Files</Filter>
    </ClInclude>
    <ClInclude Include="mcc\MorphemeManifest\MorphemeManifest.h">
      <Filter>Header Files</Filter>
    </ClInclude>
    <ClInclude Include="mcc\MorphemeManifest\MMManifestItem\MMManifestItemBase.h">
      <Filter>Header Files</Filter>
    </ClInclude>
    <ClInclude Include="mcc\MorphemeManifest\MMManifestItem\Attribute\MMAttribute.h">
      <Filter>Header Files</Filter>
    </ClInclude>
    <ClInclude Include="mcd\Attribute\AnimationSet\AnimationSetAttribute.h">
      <Filter>Header Files</Filter>
    </ClInclude>
    <ClInclude Include="mcc\MorphemeManifest\MMManifestItem\Node\MMNode.h">
      <Filter>Header Files</Filter>
    </ClInclude>
    <ClInclude Include="mcc\MorphemeManifest\MMManifestItem\Pin\MMFunctionalPin.h">
      <Filter>Header Files</Filter>
    </ClInclude>
    <ClInclude Include="mcc\MorphemeManifest\MMManifestItem\Pin\MMPin.h">
      <Filter>Header Files</Filter>
    </ClInclude>
    <ClInclude Include="mcc\MorphemeManifest\MMManifestItem\Pin\MMDataPin.h">
      <Filter>Header Files</Filter>
    </ClInclude>
    <ClInclude Include="mcc\MorphemeManifest\MMManifestItem\Condition\MMCondition.h">
      <Filter>Header Files</Filter>
    </ClInclude>
    <ClInclude Include="mcc\MorphemeManifest\MMManifestItem\Transition\MMTransition.h">
      <Filter>Header Files</Filter>
    </ClInclude>
    <ClInclude Include="mcc\AttributeInfo\AttributeInfo.h">
      <Filter>Header Files</Filter>
    </ClInclude>
    <ClInclude Include="extern.h">
      <Filter>Header Files</Filter>
    </ClInclude>
    <ClInclude Include="mcd\Attribute\AnimationTake\AnimationTakeAttribute.h">
      <Filter>Header Files</Filter>
    </ClInclude>
    <ClInclude Include="mcd\Pin\PassDownPin.h">
      <Filter>Header Files</Filter>
    </ClInclude>
    <ClInclude Include="mcc\MorphemeManifest\MMManifestItem\StateMachine\MMStateMachine.h">
      <Filter>Header Files</Filter>
    </ClInclude>
    <ClInclude Include="mcd\Attribute\Array\BoolArrayAttribute.h">
      <Filter>Header Files</Filter>
    </ClInclude>
    <ClInclude Include="mcd\Attribute\Array\FloatArrayAttribute.h">
      <Filter>Header Files</Filter>
    </ClInclude>
    <ClInclude Include="mcd\Attribute\Array\IntArrayAttribute.h">
      <Filter>Header Files</Filter>
    </ClInclude>
    <ClInclude Include="mcd\Request\Request.h">
      <Filter>Header Files</Filter>
    </ClInclude>
    <ClInclude Include="mcd\Attribute\SingleValue\RefAttribute.h">
      <Filter>Header Files</Filter>
    </ClInclude>
    <ClInclude Include="mcd\Attribute\SingleValue\ControlParameterAttribute.h">
      <Filter>Header Files</Filter>
    </ClInclude>
    <ClInclude Include="mcd\RequestsNode\RequestsNode.h">
      <Filter>Header Files</Filter>
    </ClInclude>
    <ClInclude Include="mcc\MorphemeDBLoader\MorphemeDBLoader.h">
      <Filter>Header Files</Filter>
    </ClInclude>
    <ClInclude Include="mcc\GraphObjectPath\GraphObjectPath.h">
      <Filter>Header Files</Filter>
    </ClInclude>
    <ClInclude Include="SupportedManifest.h">
      <Filter>Header Files</Filter>
    </ClInclude>
    <ClInclude Include="mcd\Attribute\RigChannelName\RigChannelNameAttribute.h">
      <Filter>Header Files</Filter>
    </ClInclude>
    <ClInclude Include="mcd\Attribute\RequestAttribute\RequestAttribute.h">
      <Filter>Header Files</Filter>
    </ClInclude>
    <ClInclude Include="NMDBExtensions\PointerArray.inl">
      <Filter>Header Files</Filter>
    </ClInclude>
    <ClInclude Include="SupportedStateMachineNodes.h">
      <Filter>Header Files</Filter>
    </ClInclude>
    <ClInclude Include="mcd\AttributePinNodeBase\AttributePinNodeBase.h">
      <Filter>Header Files</Filter>
    </ClInclude>
    <ClInclude Include="mcu\Log\Log.h">
      <Filter>Header Files</Filter>
    </ClInclude>
    <ClInclude Include="mcu\OutputMessage.h">
      <Filter>Header Files</Filter>
    </ClInclude>
  </ItemGroup>
  <ItemGroup>
    <None Include="packages.config" />
    <None Include="NMDBExtensions\TypedAttributeArray.inl">
      <Filter>Header Files</Filter>
    </None>
  </ItemGroup>
</Project>