<?xml version="1.0" encoding="utf-8"?>
<Project ToolsVersion="4.0" xmlns="http://schemas.microsoft.com/developer/msbuild/2003">
  <ItemGroup>
    <Filter Include="Source Files">
      <UniqueIdentifier>{4FC737F1-C7A5-4376-A066-2A32D752A2FF}</UniqueIdentifier>
      <Extensions>cpp;c;cc;cxx;c++;cppm;ixx;def;odl;idl;hpj;bat;asm;asmx</Extensions>
    </Filter>
    <Filter Include="Header Files">
      <UniqueIdentifier>{93995380-89BD-4b04-88EB-625FBE52EBFB}</UniqueIdentifier>
      <Extensions>h;hh;hpp;hxx;h++;hm;inl;inc;ipp;xsd</Extensions>
    </Filter>
    <Filter Include="Resource Files">
      <UniqueIdentifier>{67DA6AB6-F800-4c08-8B7A-83BB121AAD01}</UniqueIdentifier>
      <Extensions>rc;ico;cur;bmp;dlg;rc2;rct;bin;rgs;gif;jpg;jpeg;jpe;resx;tiff;tif;png;wav;mfcribbon-ms</Extensions>
    </Filter>
  </ItemGroup>
  <ItemGroup>
    <ClCompile Include="morphemeDecompiler.cpp">
      <Filter>Source Files</Filter>
    </ClCompile>
    <ClCompile Include="MorphemeSystem\AnimLoader\AnimLoader.cpp">
      <Filter>Source Files</Filter>
    </ClCompile>
    <ClCompile Include="MorphemeSystem\AssetLoader\AssetLoader.cpp">
      <Filter>Source Files</Filter>
    </ClCompile>
    <ClCompile Include="MorphemeSystem\CharacterController\CharacterController.cpp">
      <Filter>Source Files</Filter>
    </ClCompile>
    <ClCompile Include="MorphemeSystem\MorphemeCharacter\MorphemeCharacter.cpp">
      <Filter>Source Files</Filter>
    </ClCompile>
    <ClCompile Include="MorphemeSystem\MorphemeCharacterDef\MorphemeCharacterDef.cpp">
      <Filter>Source Files</Filter>
    </ClCompile>
    <ClCompile Include="MorphemeSystem\MorphemeDecompiler\Node\BlendNode.cpp">
      <Filter>Source Files</Filter>
    </ClCompile>
    <ClCompile Include="MorphemeSystem\MorphemeDecompiler\Node\ControlParamNode.cpp">
      <Filter>Source Files</Filter>
    </ClCompile>
    <ClCompile Include="MorphemeSystem\MorphemeDecompiler\Node\IKNode.cpp">
      <Filter>Source Files</Filter>
    </ClCompile>
    <ClCompile Include="MorphemeSystem\MorphemeDecompiler\Node\Node.cpp">
      <Filter>Source Files</Filter>
    </ClCompile>
    <ClCompile Include="MorphemeSystem\MorphemeDecompiler\Node\NodeExportBase.cpp">
      <Filter>Source Files</Filter>
    </ClCompile>
    <ClCompile Include="MorphemeSystem\MorphemeDecompiler\Node\NodeUtils.cpp">
      <Filter>Source Files</Filter>
    </ClCompile>
    <ClCompile Include="MorphemeSystem\MorphemeDecompiler\Node\OperatorNode.cpp">
      <Filter>Source Files</Filter>
    </ClCompile>
    <ClCompile Include="MorphemeSystem\MorphemeDecompiler\Node\StateMachineNode.cpp">
      <Filter>Source Files</Filter>
    </ClCompile>
    <ClCompile Include="MorphemeSystem\MorphemeDecompiler\Node\TransitNode.cpp">
      <Filter>Source Files</Filter>
    </ClCompile>
    <ClCompile Include="MorphemeSystem\MorphemeDecompiler\TransitCondition\TransitCondition.cpp">
      <Filter>Source Files</Filter>
    </ClCompile>
    <ClCompile Include="MorphemeSystem\MorphemeDecompiler\MorphemeDecompiler.cpp">
      <Filter>Source Files</Filter>
    </ClCompile>
    <ClCompile Include="MorphemeSystem\utils\MorphemeUtils\MorphemeUtils.cpp">
      <Filter>Source Files</Filter>
    </ClCompile>
    <ClCompile Include="MorphemeSystem\utils\XMDUtils\XMDUtils.cpp">
      <Filter>Source Files</Filter>
    </ClCompile>
    <ClCompile Include="MorphemeSystem\MorphemeSystem.cpp">
      <Filter>Source Files</Filter>
    </ClCompile>
    <ClCompile Include="MorphemeSystem\AnimObject\AnimObject.cpp">
      <Filter>Source Files</Filter>
    </ClCompile>
    <ClCompile Include="MorphemeSystem\utils\NMDX\NMDX.cpp">
      <Filter>Source Files</Filter>
    </ClCompile>
  </ItemGroup>
  <ItemGroup>
    <ClInclude Include="extern.h">
      <Filter>Header Files</Filter>
    </ClInclude>
    <ClInclude Include="MorphemeSystem\AnimLoader\AnimLoader.h">
      <Filter>Header Files</Filter>
    </ClInclude>
    <ClInclude Include="MorphemeSystem\AssetLoader\AssetLoader.h">
      <Filter>Header Files</Filter>
    </ClInclude>
    <ClInclude Include="MorphemeSystem\CharacterController\CharacterController.h">
      <Filter>Header Files</Filter>
    </ClInclude>
    <ClInclude Include="MorphemeSystem\MorphemeCharacter\MorphemeCharacter.h">
      <Filter>Header Files</Filter>
    </ClInclude>
    <ClInclude Include="MorphemeSystem\MorphemeCharacterDef\MorphemeCharacterDef.h">
      <Filter>Header Files</Filter>
    </ClInclude>
    <ClInclude Include="MorphemeSystem\MorphemeDecompiler\Node\BlendNode.h">
      <Filter>Header Files</Filter>
    </ClInclude>
    <ClInclude Include="MorphemeSystem\MorphemeDecompiler\Node\ControlParamNode.h">
      <Filter>Header Files</Filter>
    </ClInclude>
    <ClInclude Include="MorphemeSystem\MorphemeDecompiler\Node\IKNode.h">
      <Filter>Header Files</Filter>
    </ClInclude>
    <ClInclude Include="MorphemeSystem\MorphemeDecompiler\Node\Node.h">
      <Filter>Header Files</Filter>
    </ClInclude>
    <ClInclude Include="MorphemeSystem\MorphemeDecompiler\Node\NodeExportBase.h">
      <Filter>Header Files</Filter>
    </ClInclude>
    <ClInclude Include="MorphemeSystem\MorphemeDecompiler\Node\NodeUtils.h">
      <Filter>Header Files</Filter>
    </ClInclude>
    <ClInclude Include="MorphemeSystem\MorphemeDecompiler\Node\OperatorNode.h">
      <Filter>Header Files</Filter>
    </ClInclude>
    <ClInclude Include="MorphemeSystem\MorphemeDecompiler\Node\StateMachineNode.h">
      <Filter>Header Files</Filter>
    </ClInclude>
    <ClInclude Include="MorphemeSystem\MorphemeDecompiler\Node\TransitNode.h">
      <Filter>Header Files</Filter>
    </ClInclude>
    <ClInclude Include="MorphemeSystem\MorphemeDecompiler\TransitCondition\TransitCondition.h">
      <Filter>Header Files</Filter>
    </ClInclude>
    <ClInclude Include="MorphemeSystem\MorphemeDecompiler\MorphemeDecompiler.h">
      <Filter>Header Files</Filter>
    </ClInclude>
    <ClInclude Include="MorphemeSystem\utils\MorphemeUtils\MorphemeUtils.h">
      <Filter>Header Files</Filter>
    </ClInclude>
    <ClInclude Include="MorphemeSystem\utils\XMDUtils\XMDUtils.h">
      <Filter>Header Files</Filter>
    </ClInclude>
    <ClInclude Include="MorphemeSystem\MorphemeSystem.h">
      <Filter>Header Files</Filter>
    </ClInclude>
    <ClInclude Include="MorphemeSystem\AnimObject\AnimObject.h">
      <Filter>Header Files</Filter>
    </ClInclude>
    <ClInclude Include="MorphemeSystem\utils\NMDX\NMDX.h">
      <Filter>Header Files</Filter>
    </ClInclude>
    <ClInclude Include="MorphemeSystem\utils\utils.h">
      <Filter>Header Files</Filter>
    </ClInclude>
  </ItemGroup>
  <ItemGroup>
    <None Include="packages.config" />
  </ItemGroup>
</Project>