<?xml version="1.0" encoding="utf-8"?>
<Project ToolsVersion="4.0" xmlns="http://schemas.microsoft.com/developer/msbuild/2003">
  <ItemGroup>
    <Filter Include="Source Files">
      <UniqueIdentifier>{4FC737F1-C7A5-4376-A066-2A32D752A2FF}</UniqueIdentifier>
      <Extensions>cpp;c;cc;cxx;c++;cppm;ixx;def;odl;idl;hpj;bat;asm;asmx</Extensions>
    </Filter>
    <Filter Include="Header Files">
      <UniqueIdentifier>{93995380-89BD-4b04-88EB-625FBE52EBFB}</UniqueIdentifier>
      <Extensions>h;hh;hpp;hxx;h++;hm;inl;inc;ipp;xsd</Extensions>
    </Filter>
    <Filter Include="Resource Files">
      <UniqueIdentifier>{67DA6AB6-F800-4c08-8B7A-83BB121AAD01}</UniqueIdentifier>
      <Extensions>rc;ico;cur;bmp;dlg;rc2;rct;bin;rgs;gif;jpg;jpeg;jpe;resx;tiff;tif;png;wav;mfcribbon-ms</Extensions>
    </Filter>
  </ItemGroup>
  <ItemGroup>
    <ClInclude Include="RCore.h">
      <Filter>Header Files</Filter>
    </ClInclude>
    <ClInclude Include="RFile\RFile.h">
      <Filter>Header Files</Filter>
    </ClInclude>
    <ClInclude Include="RINI\mini\ini.h">
      <Filter>Header Files</Filter>
    </ClInclude>
    <ClInclude Include="RINI\RINI.h">
      <Filter>Header Files</Filter>
    </ClInclude>
    <ClInclude Include="RInput\RController\RController.h">
      <Filter>Header Files</Filter>
    </ClInclude>
    <ClInclude Include="RInput\RInput.h">
      <Filter>Header Files</Filter>
    </ClInclude>
    <ClInclude Include="RLog\RDebug\RDebug.h">
      <Filter>Header Files</Filter>
    </ClInclude>
    <ClInclude Include="RLog\TextLog\TextLog.h">
      <Filter>Header Files</Filter>
    </ClInclude>
    <ClInclude Include="RLog\RLog.h">
      <Filter>Header Files</Filter>
    </ClInclude>
    <ClInclude Include="RMath\RMath.h">
      <Filter>Header Files</Filter>
    </ClInclude>
    <ClInclude Include="RMemory\RMemory.h">
      <Filter>Header Files</Filter>
    </ClInclude>
    <ClInclude Include="RString\RString.h">
      <Filter>Header Files</Filter>
    </ClInclude>
    <ClInclude Include="RXML\tinyxml2\tinyxml2.h">
      <Filter>Header Files</Filter>
    </ClInclude>
    <ClInclude Include="RXML\RXML.h">
      <Filter>Header Files</Filter>
    </ClInclude>
  </ItemGroup>
  <ItemGroup>
    <ClCompile Include="RFile\RFile.cpp">
      <Filter>Source Files</Filter>
    </ClCompile>
    <ClCompile Include="RINI\RINI.cpp">
      <Filter>Source Files</Filter>
    </ClCompile>
    <ClCompile Include="RInput\RController\RController.cpp">
      <Filter>Source Files</Filter>
    </ClCompile>
    <ClCompile Include="RInput\RInput.cpp">
      <Filter>Source Files</Filter>
    </ClCompile>
    <ClCompile Include="RLog\RDebug\RDebug.cpp">
      <Filter>Source Files</Filter>
    </ClCompile>
    <ClCompile Include="RLog\TextLog\TextLog.cpp">
      <Filter>Source Files</Filter>
    </ClCompile>
    <ClCompile Include="RLog\RLog.cpp">
      <Filter>Source Files</Filter>
    </ClCompile>
    <ClCompile Include="RMath\RMath.cpp">
      <Filter>Source Files</Filter>
    </ClCompile>
    <ClCompile Include="RMemory\RMemory.cpp">
      <Filter>Source Files</Filter>
    </ClCompile>
    <ClCompile Include="RString\RString.cpp">
      <Filter>Source Files</Filter>
    </ClCompile>
    <ClCompile Include="RXML\tinyxml2\tinyxml2.cpp">
      <Filter>Source Files</Filter>
    </ClCompile>
    <ClCompile Include="RXML\RXML.cpp">
      <Filter>Source Files</Filter>
    </ClCompile>
  </ItemGroup>
  <ItemGroup>
    <None Include="packages.config" />
  </ItemGroup>
</Project>