
Microsoft Visual Studio Solution File, Format Version 12.00
# Visual Studio Version 17
VisualStudioVersion = 17.10.35013.160
MinimumVisualStudioVersion = 10.0.40219.1
Project("{8BC9CEB8-8B4A-11D0-8D11-00A0C91BC942}") = "morphemeEditor", "morphemeEditor\morphemeEditor.vcxproj", "{EBC383BC-0ADD-4009-ACF3-0F9B1D5191FF}"
EndProject
Project("{8BC9CEB8-8B4A-11D0-8D11-00A0C91BC942}") = "XMD", "Morpheme4\common\XMD\XMD_X64.vcxproj", "{23D1C7B2-4F9B-401E-D08D-7E8CBE00A9B7}"
EndProject
Project("{8BC9CEB8-8B4A-11D0-8D11-00A0C91BC942}") = "NMTinyXML", "Morpheme4\common\tinyxml\NMTinyXML_X64.vcxproj", "{9121BE9D-8F56-4D9C-158F-1495BC741C2A}"
EndProject
Project("{8BC9CEB8-8B4A-11D0-8D11-00A0C91BC942}") = "NMTL", "Morpheme4\common\NMTL\NMTL_X64.vcxproj", "{5FF4A11E-1F9C-4999-1E8C-6616EF16DB1C}"
EndProject
Project("{8BC9CEB8-8B4A-11D0-8D11-00A0C91BC942}") = "NMRuntimeUtils", "Morpheme4\common\NMRuntimeUtils\NMRuntimeUtils_X64.vcxproj", "{3C388267-640A-4D4B-C8B1-2361CDE77233}"
EndProject
Project("{8BC9CEB8-8B4A-11D0-8D11-00A0C91BC942}") = "NMPlatform", "Morpheme4\common\NMPlatform\NMPlatform_X64.vcxproj", "{773E894A-FCA3-4312-37AF-0588248FC43F}"
EndProject
Project("{8BC9CEB8-8B4A-11D0-8D11-00A0C91BC942}") = "NMNumerics", "Morpheme4\common\NMNumerics\NMNumerics_X64.vcxproj", "{E97AC720-CA8A-49CD-49A9-BBED3C23E192}"
EndProject
Project("{8BC9CEB8-8B4A-11D0-8D11-00A0C91BC942}") = "morphemeAssetProcessor", "Morpheme4\morpheme\SDK\assetProcessor\morphemeAssetProcessor_X64.vcxproj", "{864F5EAC-3E7B-4518-89BA-2C3201C79690}"
EndProject
Project("{8BC9CEB8-8B4A-11D0-8D11-00A0C91BC942}") = "morphemeCore", "Morpheme4\morpheme\SDK\core\morphemeCore_X64.vcxproj", "{D90ECD48-E518-4965-D5A1-487523A09108}"
EndProject
Project("{8BC9CEB8-8B4A-11D0-8D11-00A0C91BC942}") = "morphemeExport", "Morpheme4\morpheme\SDK\export\morphemeExport_X64.vcxproj", "{348A8659-5C73-4CB4-20A1-95EDAB98AE5D}"
EndProject
Project("{8BC9CEB8-8B4A-11D0-8D11-00A0C91BC942}") = "morphemeComms2", "Morpheme4\morpheme\utils\comms2\morphemeComms2_X64.vcxproj", "{6759E731-4BC1-4352-28AA-C5583B7EC71F}"
EndProject
Project("{8BC9CEB8-8B4A-11D0-8D11-00A0C91BC942}") = "gameManagement_NoPhysics", "Morpheme4\morpheme\utils\gameManagement\gameManagement_NoPhysics_X64.vcxproj", "{C4E21FB7-6883-456D-8AAA-3306F29276B1}"
EndProject
Project("{8BC9CEB8-8B4A-11D0-8D11-00A0C91BC942}") = "morphemeSimpleBundle", "Morpheme4\morpheme\utils\simpleBundle\morphemeSimpleBundle_X64.vcxproj", "{E52E13E9-8088-407F-78A0-4C28849F6AD4}"
EndProject
Project("{8BC9CEB8-8B4A-11D0-8D11-00A0C91BC942}") = "acCore", "Morpheme4\morpheme\tools\assetCompiler\Core\acCore_X64.vcxproj", "{E02BF743-2306-4EB6-D5B9-ABF6A67628A6}"
EndProject
Project("{8BC9CEB8-8B4A-11D0-8D11-00A0C91BC942}") = "morphemeAssetCompiler", "Morpheme4\morpheme\tools\assetCompiler\morphemeAssetCompiler_X64.vcxproj", "{D5EA6945-C696-4C11-89A4-EB1C8F663912}"
EndProject
Project("{8BC9CEB8-8B4A-11D0-8D11-00A0C91BC942}") = "qhull", "Morpheme4\common\qhull\qhull_X64.vcxproj", "{2A3758B7-E5C1-458F-948A-5DC4298A1CCA}"
EndProject
Project("{8BC9CEB8-8B4A-11D0-8D11-00A0C91BC942}") = "RCore", "RCore\RCore\src\RCore.vcxproj", "{1E248D65-A668-4A85-94B0-BD29524B180B}"
EndProject
Project("{8BC9CEB8-8B4A-11D0-8D11-00A0C91BC942}") = "mrTarget_NoPhysics", "Morpheme4\morpheme\tools\runtimeTarget\mrTarget_NoPhysics_X64.vcxproj", "{F06FA5C4-F809-42F7-22AA-634F3A057082}"
EndProject
Project("{8BC9CEB8-8B4A-11D0-8D11-00A0C91BC942}") = "bndBuilder", "bndBuilder\bndBuilder\bndBuilder.vcxproj", "{555324AF-C2DD-4C1A-AEE3-00E1CAF79FFC}"
EndProject
Global
	GlobalSection(SolutionConfigurationPlatforms) = preSolution
		Debug Tool|x64 = Debug Tool|x64
		Debug Tool|x86 = Debug Tool|x86
		Debug|x64 = Debug|x64
		Debug|x86 = Debug|x86
		Release Tool|x64 = Release Tool|x64
		Release Tool|x86 = Release Tool|x86
		Release|x64 = Release|x64
		Release|x86 = Release|x86
		Target LE64 Debug|x64 = Target LE64 Debug|x64
		Target LE64 Debug|x86 = Target LE64 Debug|x86
		Target LE64 Release|x64 = Target LE64 Release|x64
		Target LE64 Release|x86 = Target LE64 Release|x86
	EndGlobalSection
	GlobalSection(ProjectConfigurationPlatforms) = postSolution
		{EBC383BC-0ADD-4009-ACF3-0F9B1D5191FF}.Debug Tool|x64.ActiveCfg = Debug|x64
		{EBC383BC-0ADD-4009-ACF3-0F9B1D5191FF}.Debug Tool|x64.Build.0 = Debug|x64
		{EBC383BC-0ADD-4009-ACF3-0F9B1D5191FF}.Debug Tool|x86.ActiveCfg = Debug|Win32
		{EBC383BC-0ADD-4009-ACF3-0F9B1D5191FF}.Debug Tool|x86.Build.0 = Debug|Win32
		{EBC383BC-0ADD-4009-ACF3-0F9B1D5191FF}.Debug|x64.ActiveCfg = Debug|x64
		{EBC383BC-0ADD-4009-ACF3-0F9B1D5191FF}.Debug|x64.Build.0 = Debug|x64
		{EBC383BC-0ADD-4009-ACF3-0F9B1D5191FF}.Debug|x86.ActiveCfg = Debug|Win32
		{EBC383BC-0ADD-4009-ACF3-0F9B1D5191FF}.Debug|x86.Build.0 = Debug|Win32
		{EBC383BC-0ADD-4009-ACF3-0F9B1D5191FF}.Release Tool|x64.ActiveCfg = Release|x64
		{EBC383BC-0ADD-4009-ACF3-0F9B1D5191FF}.Release Tool|x64.Build.0 = Release|x64
		{EBC383BC-0ADD-4009-ACF3-0F9B1D5191FF}.Release Tool|x86.ActiveCfg = Release|Win32
		{EBC383BC-0ADD-4009-ACF3-0F9B1D5191FF}.Release Tool|x86.Build.0 = Release|Win32
		{EBC383BC-0ADD-4009-ACF3-0F9B1D5191FF}.Release|x64.ActiveCfg = Release|x64
		{EBC383BC-0ADD-4009-ACF3-0F9B1D5191FF}.Release|x64.Build.0 = Release|x64
		{EBC383BC-0ADD-4009-ACF3-0F9B1D5191FF}.Release|x86.ActiveCfg = Release|Win32
		{EBC383BC-0ADD-4009-ACF3-0F9B1D5191FF}.Release|x86.Build.0 = Release|Win32
		{EBC383BC-0ADD-4009-ACF3-0F9B1D5191FF}.Target LE64 Debug|x64.ActiveCfg = Debug|x64
		{EBC383BC-0ADD-4009-ACF3-0F9B1D5191FF}.Target LE64 Debug|x64.Build.0 = Debug|x64
		{EBC383BC-0ADD-4009-ACF3-0F9B1D5191FF}.Target LE64 Debug|x86.ActiveCfg = Debug|Win32
		{EBC383BC-0ADD-4009-ACF3-0F9B1D5191FF}.Target LE64 Debug|x86.Build.0 = Debug|Win32
		{EBC383BC-0ADD-4009-ACF3-0F9B1D5191FF}.Target LE64 Release|x64.ActiveCfg = Release|x64
		{EBC383BC-0ADD-4009-ACF3-0F9B1D5191FF}.Target LE64 Release|x64.Build.0 = Release|x64
		{EBC383BC-0ADD-4009-ACF3-0F9B1D5191FF}.Target LE64 Release|x86.ActiveCfg = Release|Win32
		{EBC383BC-0ADD-4009-ACF3-0F9B1D5191FF}.Target LE64 Release|x86.Build.0 = Release|Win32
		{23D1C7B2-4F9B-401E-D08D-7E8CBE00A9B7}.Debug Tool|x64.ActiveCfg = Debug|x64
		{23D1C7B2-4F9B-401E-D08D-7E8CBE00A9B7}.Debug Tool|x64.Build.0 = Debug|x64
		{23D1C7B2-4F9B-401E-D08D-7E8CBE00A9B7}.Debug Tool|x86.ActiveCfg = Debug|x64
		{23D1C7B2-4F9B-401E-D08D-7E8CBE00A9B7}.Debug Tool|x86.Build.0 = Debug|x64
		{23D1C7B2-4F9B-401E-D08D-7E8CBE00A9B7}.Debug|x64.ActiveCfg = Debug|x64
		{23D1C7B2-4F9B-401E-D08D-7E8CBE00A9B7}.Debug|x64.Build.0 = Debug|x64
		{23D1C7B2-4F9B-401E-D08D-7E8CBE00A9B7}.Debug|x86.ActiveCfg = Debug|x64
		{23D1C7B2-4F9B-401E-D08D-7E8CBE00A9B7}.Debug|x86.Build.0 = Debug|x64
		{23D1C7B2-4F9B-401E-D08D-7E8CBE00A9B7}.Release Tool|x64.ActiveCfg = Release|x64
		{23D1C7B2-4F9B-401E-D08D-7E8CBE00A9B7}.Release Tool|x64.Build.0 = Release|x64
		{23D1C7B2-4F9B-401E-D08D-7E8CBE00A9B7}.Release Tool|x86.ActiveCfg = Release|x64
		{23D1C7B2-4F9B-401E-D08D-7E8CBE00A9B7}.Release Tool|x86.Build.0 = Release|x64
		{23D1C7B2-4F9B-401E-D08D-7E8CBE00A9B7}.Release|x64.ActiveCfg = Release|x64
		{23D1C7B2-4F9B-401E-D08D-7E8CBE00A9B7}.Release|x64.Build.0 = Release|x64
		{23D1C7B2-4F9B-401E-D08D-7E8CBE00A9B7}.Release|x86.ActiveCfg = Release|x64
		{23D1C7B2-4F9B-401E-D08D-7E8CBE00A9B7}.Release|x86.Build.0 = Release|x64
		{23D1C7B2-4F9B-401E-D08D-7E8CBE00A9B7}.Target LE64 Debug|x64.ActiveCfg = Debug|x64
		{23D1C7B2-4F9B-401E-D08D-7E8CBE00A9B7}.Target LE64 Debug|x64.Build.0 = Debug|x64
		{23D1C7B2-4F9B-401E-D08D-7E8CBE00A9B7}.Target LE64 Debug|x86.ActiveCfg = Debug|x64
		{23D1C7B2-4F9B-401E-D08D-7E8CBE00A9B7}.Target LE64 Debug|x86.Build.0 = Debug|x64
		{23D1C7B2-4F9B-401E-D08D-7E8CBE00A9B7}.Target LE64 Release|x64.ActiveCfg = Release|x64
		{23D1C7B2-4F9B-401E-D08D-7E8CBE00A9B7}.Target LE64 Release|x64.Build.0 = Release|x64
		{23D1C7B2-4F9B-401E-D08D-7E8CBE00A9B7}.Target LE64 Release|x86.ActiveCfg = Release|x64
		{23D1C7B2-4F9B-401E-D08D-7E8CBE00A9B7}.Target LE64 Release|x86.Build.0 = Release|x64
		{9121BE9D-8F56-4D9C-158F-1495BC741C2A}.Debug Tool|x64.ActiveCfg = Debug|x64
		{9121BE9D-8F56-4D9C-158F-1495BC741C2A}.Debug Tool|x64.Build.0 = Debug|x64
		{9121BE9D-8F56-4D9C-158F-1495BC741C2A}.Debug Tool|x86.ActiveCfg = Debug|x64
		{9121BE9D-8F56-4D9C-158F-1495BC741C2A}.Debug Tool|x86.Build.0 = Debug|x64
		{9121BE9D-8F56-4D9C-158F-1495BC741C2A}.Debug|x64.ActiveCfg = Debug|x64
		{9121BE9D-8F56-4D9C-158F-1495BC741C2A}.Debug|x64.Build.0 = Debug|x64
		{9121BE9D-8F56-4D9C-158F-1495BC741C2A}.Debug|x86.ActiveCfg = Debug|x64
		{9121BE9D-8F56-4D9C-158F-1495BC741C2A}.Debug|x86.Build.0 = Debug|x64
		{9121BE9D-8F56-4D9C-158F-1495BC741C2A}.Release Tool|x64.ActiveCfg = Release|x64
		{9121BE9D-8F56-4D9C-158F-1495BC741C2A}.Release Tool|x64.Build.0 = Release|x64
		{9121BE9D-8F56-4D9C-158F-1495BC741C2A}.Release Tool|x86.ActiveCfg = Release|x64
		{9121BE9D-8F56-4D9C-158F-1495BC741C2A}.Release Tool|x86.Build.0 = Release|x64
		{9121BE9D-8F56-4D9C-158F-1495BC741C2A}.Release|x64.ActiveCfg = Release|x64
		{9121BE9D-8F56-4D9C-158F-1495BC741C2A}.Release|x64.Build.0 = Release|x64
		{9121BE9D-8F56-4D9C-158F-1495BC741C2A}.Release|x86.ActiveCfg = Release|x64
		{9121BE9D-8F56-4D9C-158F-1495BC741C2A}.Release|x86.Build.0 = Release|x64
		{9121BE9D-8F56-4D9C-158F-1495BC741C2A}.Target LE64 Debug|x64.ActiveCfg = Debug|x64
		{9121BE9D-8F56-4D9C-158F-1495BC741C2A}.Target LE64 Debug|x64.Build.0 = Debug|x64
		{9121BE9D-8F56-4D9C-158F-1495BC741C2A}.Target LE64 Debug|x86.ActiveCfg = Debug|x64
		{9121BE9D-8F56-4D9C-158F-1495BC741C2A}.Target LE64 Debug|x86.Build.0 = Debug|x64
		{9121BE9D-8F56-4D9C-158F-1495BC741C2A}.Target LE64 Release|x64.ActiveCfg = Release|x64
		{9121BE9D-8F56-4D9C-158F-1495BC741C2A}.Target LE64 Release|x64.Build.0 = Release|x64
		{9121BE9D-8F56-4D9C-158F-1495BC741C2A}.Target LE64 Release|x86.ActiveCfg = Release|x64
		{9121BE9D-8F56-4D9C-158F-1495BC741C2A}.Target LE64 Release|x86.Build.0 = Release|x64
		{5FF4A11E-1F9C-4999-1E8C-6616EF16DB1C}.Debug Tool|x64.ActiveCfg = Debug|x64
		{5FF4A11E-1F9C-4999-1E8C-6616EF16DB1C}.Debug Tool|x64.Build.0 = Debug|x64
		{5FF4A11E-1F9C-4999-1E8C-6616EF16DB1C}.Debug Tool|x86.ActiveCfg = Debug|x64
		{5FF4A11E-1F9C-4999-1E8C-6616EF16DB1C}.Debug Tool|x86.Build.0 = Debug|x64
		{5FF4A11E-1F9C-4999-1E8C-6616EF16DB1C}.Debug|x64.ActiveCfg = Debug|x64
		{5FF4A11E-1F9C-4999-1E8C-6616EF16DB1C}.Debug|x64.Build.0 = Debug|x64
		{5FF4A11E-1F9C-4999-1E8C-6616EF16DB1C}.Debug|x86.ActiveCfg = Debug|x64
		{5FF4A11E-1F9C-4999-1E8C-6616EF16DB1C}.Debug|x86.Build.0 = Debug|x64
		{5FF4A11E-1F9C-4999-1E8C-6616EF16DB1C}.Release Tool|x64.ActiveCfg = Release|x64
		{5FF4A11E-1F9C-4999-1E8C-6616EF16DB1C}.Release Tool|x64.Build.0 = Release|x64
		{5FF4A11E-1F9C-4999-1E8C-6616EF16DB1C}.Release Tool|x86.ActiveCfg = Release|x64
		{5FF4A11E-1F9C-4999-1E8C-6616EF16DB1C}.Release Tool|x86.Build.0 = Release|x64
		{5FF4A11E-1F9C-4999-1E8C-6616EF16DB1C}.Release|x64.ActiveCfg = Release|x64
		{5FF4A11E-1F9C-4999-1E8C-6616EF16DB1C}.Release|x64.Build.0 = Release|x64
		{5FF4A11E-1F9C-4999-1E8C-6616EF16DB1C}.Release|x86.ActiveCfg = Release|x64
		{5FF4A11E-1F9C-4999-1E8C-6616EF16DB1C}.Release|x86.Build.0 = Release|x64
		{5FF4A11E-1F9C-4999-1E8C-6616EF16DB1C}.Target LE64 Debug|x64.ActiveCfg = Debug|x64
		{5FF4A11E-1F9C-4999-1E8C-6616EF16DB1C}.Target LE64 Debug|x64.Build.0 = Debug|x64
		{5FF4A11E-1F9C-4999-1E8C-6616EF16DB1C}.Target LE64 Debug|x86.ActiveCfg = Debug|x64
		{5FF4A11E-1F9C-4999-1E8C-6616EF16DB1C}.Target LE64 Debug|x86.Build.0 = Debug|x64
		{5FF4A11E-1F9C-4999-1E8C-6616EF16DB1C}.Target LE64 Release|x64.ActiveCfg = Release|x64
		{5FF4A11E-1F9C-4999-1E8C-6616EF16DB1C}.Target LE64 Release|x64.Build.0 = Release|x64
		{5FF4A11E-1F9C-4999-1E8C-6616EF16DB1C}.Target LE64 Release|x86.ActiveCfg = Release|x64
		{5FF4A11E-1F9C-4999-1E8C-6616EF16DB1C}.Target LE64 Release|x86.Build.0 = Release|x64
		{3C388267-640A-4D4B-C8B1-2361CDE77233}.Debug Tool|x64.ActiveCfg = Debug|x64
		{3C388267-640A-4D4B-C8B1-2361CDE77233}.Debug Tool|x64.Build.0 = Debug|x64
		{3C388267-640A-4D4B-C8B1-2361CDE77233}.Debug Tool|x86.ActiveCfg = Debug|x64
		{3C388267-640A-4D4B-C8B1-2361CDE77233}.Debug Tool|x86.Build.0 = Debug|x64
		{3C388267-640A-4D4B-C8B1-2361CDE77233}.Debug|x64.ActiveCfg = Debug|x64
		{3C388267-640A-4D4B-C8B1-2361CDE77233}.Debug|x64.Build.0 = Debug|x64
		{3C388267-640A-4D4B-C8B1-2361CDE77233}.Debug|x86.ActiveCfg = Debug|x64
		{3C388267-640A-4D4B-C8B1-2361CDE77233}.Debug|x86.Build.0 = Debug|x64
		{3C388267-640A-4D4B-C8B1-2361CDE77233}.Release Tool|x64.ActiveCfg = Release|x64
		{3C388267-640A-4D4B-C8B1-2361CDE77233}.Release Tool|x64.Build.0 = Release|x64
		{3C388267-640A-4D4B-C8B1-2361CDE77233}.Release Tool|x86.ActiveCfg = Release|x64
		{3C388267-640A-4D4B-C8B1-2361CDE77233}.Release Tool|x86.Build.0 = Release|x64
		{3C388267-640A-4D4B-C8B1-2361CDE77233}.Release|x64.ActiveCfg = Release|x64
		{3C388267-640A-4D4B-C8B1-2361CDE77233}.Release|x64.Build.0 = Release|x64
		{3C388267-640A-4D4B-C8B1-2361CDE77233}.Release|x86.ActiveCfg = Release|x64
		{3C388267-640A-4D4B-C8B1-2361CDE77233}.Release|x86.Build.0 = Release|x64
		{3C388267-640A-4D4B-C8B1-2361CDE77233}.Target LE64 Debug|x64.ActiveCfg = Target LE64 Debug|x64
		{3C388267-640A-4D4B-C8B1-2361CDE77233}.Target LE64 Debug|x64.Build.0 = Target LE64 Debug|x64
		{3C388267-640A-4D4B-C8B1-2361CDE77233}.Target LE64 Debug|x86.ActiveCfg = Target LE64 Debug|x64
		{3C388267-640A-4D4B-C8B1-2361CDE77233}.Target LE64 Debug|x86.Build.0 = Target LE64 Debug|x64
		{3C388267-640A-4D4B-C8B1-2361CDE77233}.Target LE64 Release|x64.ActiveCfg = Target LE64 Release|x64
		{3C388267-640A-4D4B-C8B1-2361CDE77233}.Target LE64 Release|x64.Build.0 = Target LE64 Release|x64
		{3C388267-640A-4D4B-C8B1-2361CDE77233}.Target LE64 Release|x86.ActiveCfg = Target LE64 Release|x64
		{3C388267-640A-4D4B-C8B1-2361CDE77233}.Target LE64 Release|x86.Build.0 = Target LE64 Release|x64
		{773E894A-FCA3-4312-37AF-0588248FC43F}.Debug Tool|x64.ActiveCfg = Debug|x64
		{773E894A-FCA3-4312-37AF-0588248FC43F}.Debug Tool|x64.Build.0 = Debug|x64
		{773E894A-FCA3-4312-37AF-0588248FC43F}.Debug Tool|x86.ActiveCfg = Debug|x64
		{773E894A-FCA3-4312-37AF-0588248FC43F}.Debug Tool|x86.Build.0 = Debug|x64
		{773E894A-FCA3-4312-37AF-0588248FC43F}.Debug|x64.ActiveCfg = Debug|x64
		{773E894A-FCA3-4312-37AF-0588248FC43F}.Debug|x64.Build.0 = Debug|x64
		{773E894A-FCA3-4312-37AF-0588248FC43F}.Debug|x86.ActiveCfg = Debug|x64
		{773E894A-FCA3-4312-37AF-0588248FC43F}.Debug|x86.Build.0 = Debug|x64
		{773E894A-FCA3-4312-37AF-0588248FC43F}.Release Tool|x64.ActiveCfg = Release|x64
		{773E894A-FCA3-4312-37AF-0588248FC43F}.Release Tool|x64.Build.0 = Release|x64
		{773E894A-FCA3-4312-37AF-0588248FC43F}.Release Tool|x86.ActiveCfg = Release|x64
		{773E894A-FCA3-4312-37AF-0588248FC43F}.Release Tool|x86.Build.0 = Release|x64
		{773E894A-FCA3-4312-37AF-0588248FC43F}.Release|x64.ActiveCfg = Release|x64
		{773E894A-FCA3-4312-37AF-0588248FC43F}.Release|x64.Build.0 = Release|x64
		{773E894A-FCA3-4312-37AF-0588248FC43F}.Release|x86.ActiveCfg = Release|x64
		{773E894A-FCA3-4312-37AF-0588248FC43F}.Release|x86.Build.0 = Release|x64
		{773E894A-FCA3-4312-37AF-0588248FC43F}.Target LE64 Debug|x64.ActiveCfg = Target LE64 Debug|x64
		{773E894A-FCA3-4312-37AF-0588248FC43F}.Target LE64 Debug|x64.Build.0 = Target LE64 Debug|x64
		{773E894A-FCA3-4312-37AF-0588248FC43F}.Target LE64 Debug|x86.ActiveCfg = Target LE64 Debug|x64
		{773E894A-FCA3-4312-37AF-0588248FC43F}.Target LE64 Debug|x86.Build.0 = Target LE64 Debug|x64
		{773E894A-FCA3-4312-37AF-0588248FC43F}.Target LE64 Release|x64.ActiveCfg = Target LE64 Release|x64
		{773E894A-FCA3-4312-37AF-0588248FC43F}.Target LE64 Release|x64.Build.0 = Target LE64 Release|x64
		{773E894A-FCA3-4312-37AF-0588248FC43F}.Target LE64 Release|x86.ActiveCfg = Target LE64 Release|x64
		{773E894A-FCA3-4312-37AF-0588248FC43F}.Target LE64 Release|x86.Build.0 = Target LE64 Release|x64
		{E97AC720-CA8A-49CD-49A9-BBED3C23E192}.Debug Tool|x64.ActiveCfg = Debug|x64
		{E97AC720-CA8A-49CD-49A9-BBED3C23E192}.Debug Tool|x64.Build.0 = Debug|x64
		{E97AC720-CA8A-49CD-49A9-BBED3C23E192}.Debug Tool|x86.ActiveCfg = Debug|x64
		{E97AC720-CA8A-49CD-49A9-BBED3C23E192}.Debug Tool|x86.Build.0 = Debug|x64
		{E97AC720-CA8A-49CD-49A9-BBED3C23E192}.Debug|x64.ActiveCfg = Debug|x64
		{E97AC720-CA8A-49CD-49A9-BBED3C23E192}.Debug|x64.Build.0 = Debug|x64
		{E97AC720-CA8A-49CD-49A9-BBED3C23E192}.Debug|x86.ActiveCfg = Debug|x64
		{E97AC720-CA8A-49CD-49A9-BBED3C23E192}.Debug|x86.Build.0 = Debug|x64
		{E97AC720-CA8A-49CD-49A9-BBED3C23E192}.Release Tool|x64.ActiveCfg = Release|x64
		{E97AC720-CA8A-49CD-49A9-BBED3C23E192}.Release Tool|x64.Build.0 = Release|x64
		{E97AC720-CA8A-49CD-49A9-BBED3C23E192}.Release Tool|x86.ActiveCfg = Release|x64
		{E97AC720-CA8A-49CD-49A9-BBED3C23E192}.Release Tool|x86.Build.0 = Release|x64
		{E97AC720-CA8A-49CD-49A9-BBED3C23E192}.Release|x64.ActiveCfg = Release|x64
		{E97AC720-CA8A-49CD-49A9-BBED3C23E192}.Release|x64.Build.0 = Release|x64
		{E97AC720-CA8A-49CD-49A9-BBED3C23E192}.Release|x86.ActiveCfg = Release|x64
		{E97AC720-CA8A-49CD-49A9-BBED3C23E192}.Release|x86.Build.0 = Release|x64
		{E97AC720-CA8A-49CD-49A9-BBED3C23E192}.Target LE64 Debug|x64.ActiveCfg = Debug|x64
		{E97AC720-CA8A-49CD-49A9-BBED3C23E192}.Target LE64 Debug|x64.Build.0 = Debug|x64
		{E97AC720-CA8A-49CD-49A9-BBED3C23E192}.Target LE64 Debug|x86.ActiveCfg = Debug|x64
		{E97AC720-CA8A-49CD-49A9-BBED3C23E192}.Target LE64 Debug|x86.Build.0 = Debug|x64
		{E97AC720-CA8A-49CD-49A9-BBED3C23E192}.Target LE64 Release|x64.ActiveCfg = Release|x64
		{E97AC720-CA8A-49CD-49A9-BBED3C23E192}.Target LE64 Release|x64.Build.0 = Release|x64
		{E97AC720-CA8A-49CD-49A9-BBED3C23E192}.Target LE64 Release|x86.ActiveCfg = Release|x64
		{E97AC720-CA8A-49CD-49A9-BBED3C23E192}.Target LE64 Release|x86.Build.0 = Release|x64
		{864F5EAC-3E7B-4518-89BA-2C3201C79690}.Debug Tool|x64.ActiveCfg = Debug|x64
		{864F5EAC-3E7B-4518-89BA-2C3201C79690}.Debug Tool|x64.Build.0 = Debug|x64
		{864F5EAC-3E7B-4518-89BA-2C3201C79690}.Debug Tool|x86.ActiveCfg = Debug|x64
		{864F5EAC-3E7B-4518-89BA-2C3201C79690}.Debug Tool|x86.Build.0 = Debug|x64
		{864F5EAC-3E7B-4518-89BA-2C3201C79690}.Debug|x64.ActiveCfg = Debug|x64
		{864F5EAC-3E7B-4518-89BA-2C3201C79690}.Debug|x64.Build.0 = Debug|x64
		{864F5EAC-3E7B-4518-89BA-2C3201C79690}.Debug|x86.ActiveCfg = Debug|x64
		{864F5EAC-3E7B-4518-89BA-2C3201C79690}.Debug|x86.Build.0 = Debug|x64
		{864F5EAC-3E7B-4518-89BA-2C3201C79690}.Release Tool|x64.ActiveCfg = Release|x64
		{864F5EAC-3E7B-4518-89BA-2C3201C79690}.Release Tool|x64.Build.0 = Release|x64
		{864F5EAC-3E7B-4518-89BA-2C3201C79690}.Release Tool|x86.ActiveCfg = Release|x64
		{864F5EAC-3E7B-4518-89BA-2C3201C79690}.Release Tool|x86.Build.0 = Release|x64
		{864F5EAC-3E7B-4518-89BA-2C3201C79690}.Release|x64.ActiveCfg = Release|x64
		{864F5EAC-3E7B-4518-89BA-2C3201C79690}.Release|x64.Build.0 = Release|x64
		{864F5EAC-3E7B-4518-89BA-2C3201C79690}.Release|x86.ActiveCfg = Release|x64
		{864F5EAC-3E7B-4518-89BA-2C3201C79690}.Release|x86.Build.0 = Release|x64
		{864F5EAC-3E7B-4518-89BA-2C3201C79690}.Target LE64 Debug|x64.ActiveCfg = Debug|x64
		{864F5EAC-3E7B-4518-89BA-2C3201C79690}.Target LE64 Debug|x64.Build.0 = Debug|x64
		{864F5EAC-3E7B-4518-89BA-2C3201C79690}.Target LE64 Debug|x86.ActiveCfg = Debug|x64
		{864F5EAC-3E7B-4518-89BA-2C3201C79690}.Target LE64 Debug|x86.Build.0 = Debug|x64
		{864F5EAC-3E7B-4518-89BA-2C3201C79690}.Target LE64 Release|x64.ActiveCfg = Release|x64
		{864F5EAC-3E7B-4518-89BA-2C3201C79690}.Target LE64 Release|x64.Build.0 = Release|x64
		{864F5EAC-3E7B-4518-89BA-2C3201C79690}.Target LE64 Release|x86.ActiveCfg = Release|x64
		{864F5EAC-3E7B-4518-89BA-2C3201C79690}.Target LE64 Release|x86.Build.0 = Release|x64
		{D90ECD48-E518-4965-D5A1-487523A09108}.Debug Tool|x64.ActiveCfg = Debug|x64
		{D90ECD48-E518-4965-D5A1-487523A09108}.Debug Tool|x64.Build.0 = Debug|x64
		{D90ECD48-E518-4965-D5A1-487523A09108}.Debug Tool|x86.ActiveCfg = Debug|x64
		{D90ECD48-E518-4965-D5A1-487523A09108}.Debug Tool|x86.Build.0 = Debug|x64
		{D90ECD48-E518-4965-D5A1-487523A09108}.Debug|x64.ActiveCfg = Debug|x64
		{D90ECD48-E518-4965-D5A1-487523A09108}.Debug|x64.Build.0 = Debug|x64
		{D90ECD48-E518-4965-D5A1-487523A09108}.Debug|x86.ActiveCfg = Debug|x64
		{D90ECD48-E518-4965-D5A1-487523A09108}.Debug|x86.Build.0 = Debug|x64
		{D90ECD48-E518-4965-D5A1-487523A09108}.Release Tool|x64.ActiveCfg = Release|x64
		{D90ECD48-E518-4965-D5A1-487523A09108}.Release Tool|x64.Build.0 = Release|x64
		{D90ECD48-E518-4965-D5A1-487523A09108}.Release Tool|x86.ActiveCfg = Release|x64
		{D90ECD48-E518-4965-D5A1-487523A09108}.Release Tool|x86.Build.0 = Release|x64
		{D90ECD48-E518-4965-D5A1-487523A09108}.Release|x64.ActiveCfg = Release|x64
		{D90ECD48-E518-4965-D5A1-487523A09108}.Release|x64.Build.0 = Release|x64
		{D90ECD48-E518-4965-D5A1-487523A09108}.Release|x86.ActiveCfg = Release|x64
		{D90ECD48-E518-4965-D5A1-487523A09108}.Release|x86.Build.0 = Release|x64
		{D90ECD48-E518-4965-D5A1-487523A09108}.Target LE64 Debug|x64.ActiveCfg = Target LE64 Debug|x64
		{D90ECD48-E518-4965-D5A1-487523A09108}.Target LE64 Debug|x64.Build.0 = Target LE64 Debug|x64
		{D90ECD48-E518-4965-D5A1-487523A09108}.Target LE64 Debug|x86.ActiveCfg = Target LE64 Debug|x64
		{D90ECD48-E518-4965-D5A1-487523A09108}.Target LE64 Debug|x86.Build.0 = Target LE64 Debug|x64
		{D90ECD48-E518-4965-D5A1-487523A09108}.Target LE64 Release|x64.ActiveCfg = Target LE64 Release|x64
		{D90ECD48-E518-4965-D5A1-487523A09108}.Target LE64 Release|x64.Build.0 = Target LE64 Release|x64
		{D90ECD48-E518-4965-D5A1-487523A09108}.Target LE64 Release|x86.ActiveCfg = Target LE64 Release|x64
		{D90ECD48-E518-4965-D5A1-487523A09108}.Target LE64 Release|x86.Build.0 = Target LE64 Release|x64
		{348A8659-5C73-4CB4-20A1-95EDAB98AE5D}.Debug Tool|x64.ActiveCfg = Debug|x64
		{348A8659-5C73-4CB4-20A1-95EDAB98AE5D}.Debug Tool|x64.Build.0 = Debug|x64
		{348A8659-5C73-4CB4-20A1-95EDAB98AE5D}.Debug Tool|x86.ActiveCfg = Debug|x64
		{348A8659-5C73-4CB4-20A1-95EDAB98AE5D}.Debug Tool|x86.Build.0 = Debug|x64
		{348A8659-5C73-4CB4-20A1-95EDAB98AE5D}.Debug|x64.ActiveCfg = Debug|x64
		{348A8659-5C73-4CB4-20A1-95EDAB98AE5D}.Debug|x64.Build.0 = Debug|x64
		{348A8659-5C73-4CB4-20A1-95EDAB98AE5D}.Debug|x86.ActiveCfg = Debug|x64
		{348A8659-5C73-4CB4-20A1-95EDAB98AE5D}.Debug|x86.Build.0 = Debug|x64
		{348A8659-5C73-4CB4-20A1-95EDAB98AE5D}.Release Tool|x64.ActiveCfg = Release|x64
		{348A8659-5C73-4CB4-20A1-95EDAB98AE5D}.Release Tool|x64.Build.0 = Release|x64
		{348A8659-5C73-4CB4-20A1-95EDAB98AE5D}.Release Tool|x86.ActiveCfg = Release|x64
		{348A8659-5C73-4CB4-20A1-95EDAB98AE5D}.Release Tool|x86.Build.0 = Release|x64
		{348A8659-5C73-4CB4-20A1-95EDAB98AE5D}.Release|x64.ActiveCfg = Release|x64
		{348A8659-5C73-4CB4-20A1-95EDAB98AE5D}.Release|x64.Build.0 = Release|x64
		{348A8659-5C73-4CB4-20A1-95EDAB98AE5D}.Release|x86.ActiveCfg = Release|x64
		{348A8659-5C73-4CB4-20A1-95EDAB98AE5D}.Release|x86.Build.0 = Release|x64
		{348A8659-5C73-4CB4-20A1-95EDAB98AE5D}.Target LE64 Debug|x64.ActiveCfg = Debug|x64
		{348A8659-5C73-4CB4-20A1-95EDAB98AE5D}.Target LE64 Debug|x64.Build.0 = Debug|x64
		{348A8659-5C73-4CB4-20A1-95EDAB98AE5D}.Target LE64 Debug|x86.ActiveCfg = Debug|x64
		{348A8659-5C73-4CB4-20A1-95EDAB98AE5D}.Target LE64 Debug|x86.Build.0 = Debug|x64
		{348A8659-5C73-4CB4-20A1-95EDAB98AE5D}.Target LE64 Release|x64.ActiveCfg = Release|x64
		{348A8659-5C73-4CB4-20A1-95EDAB98AE5D}.Target LE64 Release|x64.Build.0 = Release|x64
		{348A8659-5C73-4CB4-20A1-95EDAB98AE5D}.Target LE64 Release|x86.ActiveCfg = Release|x64
		{348A8659-5C73-4CB4-20A1-95EDAB98AE5D}.Target LE64 Release|x86.Build.0 = Release|x64
		{6759E731-4BC1-4352-28AA-C5583B7EC71F}.Debug Tool|x64.ActiveCfg = Debug Tool|x64
		{6759E731-4BC1-4352-28AA-C5583B7EC71F}.Debug Tool|x64.Build.0 = Debug Tool|x64
		{6759E731-4BC1-4352-28AA-C5583B7EC71F}.Debug Tool|x86.ActiveCfg = Debug Tool|x64
		{6759E731-4BC1-4352-28AA-C5583B7EC71F}.Debug Tool|x86.Build.0 = Debug Tool|x64
		{6759E731-4BC1-4352-28AA-C5583B7EC71F}.Debug|x64.ActiveCfg = Debug|x64
		{6759E731-4BC1-4352-28AA-C5583B7EC71F}.Debug|x64.Build.0 = Debug|x64
		{6759E731-4BC1-4352-28AA-C5583B7EC71F}.Debug|x86.ActiveCfg = Debug|x64
		{6759E731-4BC1-4352-28AA-C5583B7EC71F}.Debug|x86.Build.0 = Debug|x64
		{6759E731-4BC1-4352-28AA-C5583B7EC71F}.Release Tool|x64.ActiveCfg = Release Tool|x64
		{6759E731-4BC1-4352-28AA-C5583B7EC71F}.Release Tool|x64.Build.0 = Release Tool|x64
		{6759E731-4BC1-4352-28AA-C5583B7EC71F}.Release Tool|x86.ActiveCfg = Release Tool|x64
		{6759E731-4BC1-4352-28AA-C5583B7EC71F}.Release Tool|x86.Build.0 = Release Tool|x64
		{6759E731-4BC1-4352-28AA-C5583B7EC71F}.Release|x64.ActiveCfg = Release|x64
		{6759E731-4BC1-4352-28AA-C5583B7EC71F}.Release|x64.Build.0 = Release|x64
		{6759E731-4BC1-4352-28AA-C5583B7EC71F}.Release|x86.ActiveCfg = Release|x64
		{6759E731-4BC1-4352-28AA-C5583B7EC71F}.Release|x86.Build.0 = Release|x64
		{6759E731-4BC1-4352-28AA-C5583B7EC71F}.Target LE64 Debug|x64.ActiveCfg = Debug|x64
		{6759E731-4BC1-4352-28AA-C5583B7EC71F}.Target LE64 Debug|x64.Build.0 = Debug|x64
		{6759E731-4BC1-4352-28AA-C5583B7EC71F}.Target LE64 Debug|x86.ActiveCfg = Debug|x64
		{6759E731-4BC1-4352-28AA-C5583B7EC71F}.Target LE64 Debug|x86.Build.0 = Debug|x64
		{6759E731-4BC1-4352-28AA-C5583B7EC71F}.Target LE64 Release|x64.ActiveCfg = Release|x64
		{6759E731-4BC1-4352-28AA-C5583B7EC71F}.Target LE64 Release|x64.Build.0 = Release|x64
		{6759E731-4BC1-4352-28AA-C5583B7EC71F}.Target LE64 Release|x86.ActiveCfg = Release|x64
		{6759E731-4BC1-4352-28AA-C5583B7EC71F}.Target LE64 Release|x86.Build.0 = Release|x64
		{C4E21FB7-6883-456D-8AAA-3306F29276B1}.Debug Tool|x64.ActiveCfg = Debug|x64
		{C4E21FB7-6883-456D-8AAA-3306F29276B1}.Debug Tool|x64.Build.0 = Debug|x64
		{C4E21FB7-6883-456D-8AAA-3306F29276B1}.Debug Tool|x86.ActiveCfg = Debug|x64
		{C4E21FB7-6883-456D-8AAA-3306F29276B1}.Debug Tool|x86.Build.0 = Debug|x64
		{C4E21FB7-6883-456D-8AAA-3306F29276B1}.Debug|x64.ActiveCfg = Debug|x64
		{C4E21FB7-6883-456D-8AAA-3306F29276B1}.Debug|x64.Build.0 = Debug|x64
		{C4E21FB7-6883-456D-8AAA-3306F29276B1}.Debug|x86.ActiveCfg = Debug|x64
		{C4E21FB7-6883-456D-8AAA-3306F29276B1}.Debug|x86.Build.0 = Debug|x64
		{C4E21FB7-6883-456D-8AAA-3306F29276B1}.Release Tool|x64.ActiveCfg = Release|x64
		{C4E21FB7-6883-456D-8AAA-3306F29276B1}.Release Tool|x64.Build.0 = Release|x64
		{C4E21FB7-6883-456D-8AAA-3306F29276B1}.Release Tool|x86.ActiveCfg = Release|x64
		{C4E21FB7-6883-456D-8AAA-3306F29276B1}.Release Tool|x86.Build.0 = Release|x64
		{C4E21FB7-6883-456D-8AAA-3306F29276B1}.Release|x64.ActiveCfg = Release|x64
		{C4E21FB7-6883-456D-8AAA-3306F29276B1}.Release|x64.Build.0 = Release|x64
		{C4E21FB7-6883-456D-8AAA-3306F29276B1}.Release|x86.ActiveCfg = Release|x64
		{C4E21FB7-6883-456D-8AAA-3306F29276B1}.Release|x86.Build.0 = Release|x64
		{C4E21FB7-6883-456D-8AAA-3306F29276B1}.Target LE64 Debug|x64.ActiveCfg = Debug|x64
		{C4E21FB7-6883-456D-8AAA-3306F29276B1}.Target LE64 Debug|x64.Build.0 = Debug|x64
		{C4E21FB7-6883-456D-8AAA-3306F29276B1}.Target LE64 Debug|x86.ActiveCfg = Debug|x64
		{C4E21FB7-6883-456D-8AAA-3306F29276B1}.Target LE64 Debug|x86.Build.0 = Debug|x64
		{C4E21FB7-6883-456D-8AAA-3306F29276B1}.Target LE64 Release|x64.ActiveCfg = Release|x64
		{C4E21FB7-6883-456D-8AAA-3306F29276B1}.Target LE64 Release|x64.Build.0 = Release|x64
		{C4E21FB7-6883-456D-8AAA-3306F29276B1}.Target LE64 Release|x86.ActiveCfg = Release|x64
		{C4E21FB7-6883-456D-8AAA-3306F29276B1}.Target LE64 Release|x86.Build.0 = Release|x64
		{E52E13E9-8088-407F-78A0-4C28849F6AD4}.Debug Tool|x64.ActiveCfg = Debug|x64
		{E52E13E9-8088-407F-78A0-4C28849F6AD4}.Debug Tool|x64.Build.0 = Debug|x64
		{E52E13E9-8088-407F-78A0-4C28849F6AD4}.Debug Tool|x86.ActiveCfg = Debug|x64
		{E52E13E9-8088-407F-78A0-4C28849F6AD4}.Debug Tool|x86.Build.0 = Debug|x64
		{E52E13E9-8088-407F-78A0-4C28849F6AD4}.Debug|x64.ActiveCfg = Debug|x64
		{E52E13E9-8088-407F-78A0-4C28849F6AD4}.Debug|x64.Build.0 = Debug|x64
		{E52E13E9-8088-407F-78A0-4C28849F6AD4}.Debug|x86.ActiveCfg = Debug|x64
		{E52E13E9-8088-407F-78A0-4C28849F6AD4}.Debug|x86.Build.0 = Debug|x64
		{E52E13E9-8088-407F-78A0-4C28849F6AD4}.Release Tool|x64.ActiveCfg = Release|x64
		{E52E13E9-8088-407F-78A0-4C28849F6AD4}.Release Tool|x64.Build.0 = Release|x64
		{E52E13E9-8088-407F-78A0-4C28849F6AD4}.Release Tool|x86.ActiveCfg = Release|x64
		{E52E13E9-8088-407F-78A0-4C28849F6AD4}.Release Tool|x86.Build.0 = Release|x64
		{E52E13E9-8088-407F-78A0-4C28849F6AD4}.Release|x64.ActiveCfg = Release|x64
		{E52E13E9-8088-407F-78A0-4C28849F6AD4}.Release|x64.Build.0 = Release|x64
		{E52E13E9-8088-407F-78A0-4C28849F6AD4}.Release|x86.ActiveCfg = Release|x64
		{E52E13E9-8088-407F-78A0-4C28849F6AD4}.Release|x86.Build.0 = Release|x64
		{E52E13E9-8088-407F-78A0-4C28849F6AD4}.Target LE64 Debug|x64.ActiveCfg = Target LE64 Debug|x64
		{E52E13E9-8088-407F-78A0-4C28849F6AD4}.Target LE64 Debug|x64.Build.0 = Target LE64 Debug|x64
		{E52E13E9-8088-407F-78A0-4C28849F6AD4}.Target LE64 Debug|x86.ActiveCfg = Target LE64 Debug|x64
		{E52E13E9-8088-407F-78A0-4C28849F6AD4}.Target LE64 Debug|x86.Build.0 = Target LE64 Debug|x64
		{E52E13E9-8088-407F-78A0-4C28849F6AD4}.Target LE64 Release|x64.ActiveCfg = Target LE64 Release|x64
		{E52E13E9-8088-407F-78A0-4C28849F6AD4}.Target LE64 Release|x64.Build.0 = Target LE64 Release|x64
		{E52E13E9-8088-407F-78A0-4C28849F6AD4}.Target LE64 Release|x86.ActiveCfg = Target LE64 Release|x64
		{E52E13E9-8088-407F-78A0-4C28849F6AD4}.Target LE64 Release|x86.Build.0 = Target LE64 Release|x64
		{E02BF743-2306-4EB6-D5B9-ABF6A67628A6}.Debug Tool|x64.ActiveCfg = Debug|x64
		{E02BF743-2306-4EB6-D5B9-ABF6A67628A6}.Debug Tool|x64.Build.0 = Debug|x64
		{E02BF743-2306-4EB6-D5B9-ABF6A67628A6}.Debug Tool|x86.ActiveCfg = Debug|x64
		{E02BF743-2306-4EB6-D5B9-ABF6A67628A6}.Debug Tool|x86.Build.0 = Debug|x64
		{E02BF743-2306-4EB6-D5B9-ABF6A67628A6}.Debug|x64.ActiveCfg = Debug|x64
		{E02BF743-2306-4EB6-D5B9-ABF6A67628A6}.Debug|x64.Build.0 = Debug|x64
		{E02BF743-2306-4EB6-D5B9-ABF6A67628A6}.Debug|x86.ActiveCfg = Debug|x64
		{E02BF743-2306-4EB6-D5B9-ABF6A67628A6}.Debug|x86.Build.0 = Debug|x64
		{E02BF743-2306-4EB6-D5B9-ABF6A67628A6}.Release Tool|x64.ActiveCfg = Release|x64
		{E02BF743-2306-4EB6-D5B9-ABF6A67628A6}.Release Tool|x64.Build.0 = Release|x64
		{E02BF743-2306-4EB6-D5B9-ABF6A67628A6}.Release Tool|x86.ActiveCfg = Release|x64
		{E02BF743-2306-4EB6-D5B9-ABF6A67628A6}.Release Tool|x86.Build.0 = Release|x64
		{E02BF743-2306-4EB6-D5B9-ABF6A67628A6}.Release|x64.ActiveCfg = Release|x64
		{E02BF743-2306-4EB6-D5B9-ABF6A67628A6}.Release|x64.Build.0 = Release|x64
		{E02BF743-2306-4EB6-D5B9-ABF6A67628A6}.Release|x86.ActiveCfg = Release|x64
		{E02BF743-2306-4EB6-D5B9-ABF6A67628A6}.Release|x86.Build.0 = Release|x64
		{E02BF743-2306-4EB6-D5B9-ABF6A67628A6}.Target LE64 Debug|x64.ActiveCfg = Debug|x64
		{E02BF743-2306-4EB6-D5B9-ABF6A67628A6}.Target LE64 Debug|x64.Build.0 = Debug|x64
		{E02BF743-2306-4EB6-D5B9-ABF6A67628A6}.Target LE64 Debug|x86.ActiveCfg = Debug|x64
		{E02BF743-2306-4EB6-D5B9-ABF6A67628A6}.Target LE64 Debug|x86.Build.0 = Debug|x64
		{E02BF743-2306-4EB6-D5B9-ABF6A67628A6}.Target LE64 Release|x64.ActiveCfg = Release|x64
		{E02BF743-2306-4EB6-D5B9-ABF6A67628A6}.Target LE64 Release|x64.Build.0 = Release|x64
		{E02BF743-2306-4EB6-D5B9-ABF6A67628A6}.Target LE64 Release|x86.ActiveCfg = Release|x64
		{E02BF743-2306-4EB6-D5B9-ABF6A67628A6}.Target LE64 Release|x86.Build.0 = Release|x64
		{D5EA6945-C696-4C11-89A4-EB1C8F663912}.Debug Tool|x64.ActiveCfg = Debug|x64
		{D5EA6945-C696-4C11-89A4-EB1C8F663912}.Debug Tool|x64.Build.0 = Debug|x64
		{D5EA6945-C696-4C11-89A4-EB1C8F663912}.Debug Tool|x86.ActiveCfg = Debug|x64
		{D5EA6945-C696-4C11-89A4-EB1C8F663912}.Debug Tool|x86.Build.0 = Debug|x64
		{D5EA6945-C696-4C11-89A4-EB1C8F663912}.Debug|x64.ActiveCfg = Debug|x64
		{D5EA6945-C696-4C11-89A4-EB1C8F663912}.Debug|x64.Build.0 = Debug|x64
		{D5EA6945-C696-4C11-89A4-EB1C8F663912}.Debug|x86.ActiveCfg = Debug|x64
		{D5EA6945-C696-4C11-89A4-EB1C8F663912}.Debug|x86.Build.0 = Debug|x64
		{D5EA6945-C696-4C11-89A4-EB1C8F663912}.Release Tool|x64.ActiveCfg = Release|x64
		{D5EA6945-C696-4C11-89A4-EB1C8F663912}.Release Tool|x64.Build.0 = Release|x64
		{D5EA6945-C696-4C11-89A4-EB1C8F663912}.Release Tool|x86.ActiveCfg = Release|x64
		{D5EA6945-C696-4C11-89A4-EB1C8F663912}.Release Tool|x86.Build.0 = Release|x64
		{D5EA6945-C696-4C11-89A4-EB1C8F663912}.Release|x64.ActiveCfg = Release|x64
		{D5EA6945-C696-4C11-89A4-EB1C8F663912}.Release|x64.Build.0 = Release|x64
		{D5EA6945-C696-4C11-89A4-EB1C8F663912}.Release|x86.ActiveCfg = Release|x64
		{D5EA6945-C696-4C11-89A4-EB1C8F663912}.Release|x86.Build.0 = Release|x64
		{D5EA6945-C696-4C11-89A4-EB1C8F663912}.Target LE64 Debug|x64.ActiveCfg = Debug|x64
		{D5EA6945-C696-4C11-89A4-EB1C8F663912}.Target LE64 Debug|x64.Build.0 = Debug|x64
		{D5EA6945-C696-4C11-89A4-EB1C8F663912}.Target LE64 Debug|x86.ActiveCfg = Debug|x64
		{D5EA6945-C696-4C11-89A4-EB1C8F663912}.Target LE64 Debug|x86.Build.0 = Debug|x64
		{D5EA6945-C696-4C11-89A4-EB1C8F663912}.Target LE64 Release|x64.ActiveCfg = Release|x64
		{D5EA6945-C696-4C11-89A4-EB1C8F663912}.Target LE64 Release|x64.Build.0 = Release|x64
		{D5EA6945-C696-4C11-89A4-EB1C8F663912}.Target LE64 Release|x86.ActiveCfg = Release|x64
		{D5EA6945-C696-4C11-89A4-EB1C8F663912}.Target LE64 Release|x86.Build.0 = Release|x64
		{2A3758B7-E5C1-458F-948A-5DC4298A1CCA}.Debug Tool|x64.ActiveCfg = Debug|x64
		{2A3758B7-E5C1-458F-948A-5DC4298A1CCA}.Debug Tool|x64.Build.0 = Debug|x64
		{2A3758B7-E5C1-458F-948A-5DC4298A1CCA}.Debug Tool|x86.ActiveCfg = Debug|x64
		{2A3758B7-E5C1-458F-948A-5DC4298A1CCA}.Debug Tool|x86.Build.0 = Debug|x64
		{2A3758B7-E5C1-458F-948A-5DC4298A1CCA}.Debug|x64.ActiveCfg = Debug|x64
		{2A3758B7-E5C1-458F-948A-5DC4298A1CCA}.Debug|x64.Build.0 = Debug|x64
		{2A3758B7-E5C1-458F-948A-5DC4298A1CCA}.Debug|x86.ActiveCfg = Debug|x64
		{2A3758B7-E5C1-458F-948A-5DC4298A1CCA}.Debug|x86.Build.0 = Debug|x64
		{2A3758B7-E5C1-458F-948A-5DC4298A1CCA}.Release Tool|x64.ActiveCfg = Release|x64
		{2A3758B7-E5C1-458F-948A-5DC4298A1CCA}.Release Tool|x64.Build.0 = Release|x64
		{2A3758B7-E5C1-458F-948A-5DC4298A1CCA}.Release Tool|x86.ActiveCfg = Release|x64
		{2A3758B7-E5C1-458F-948A-5DC4298A1CCA}.Release Tool|x86.Build.0 = Release|x64
		{2A3758B7-E5C1-458F-948A-5DC4298A1CCA}.Release|x64.ActiveCfg = Release|x64
		{2A3758B7-E5C1-458F-948A-5DC4298A1CCA}.Release|x64.Build.0 = Release|x64
		{2A3758B7-E5C1-458F-948A-5DC4298A1CCA}.Release|x86.ActiveCfg = Release|x64
		{2A3758B7-E5C1-458F-948A-5DC4298A1CCA}.Release|x86.Build.0 = Release|x64
		{2A3758B7-E5C1-458F-948A-5DC4298A1CCA}.Target LE64 Debug|x64.ActiveCfg = Debug|x64
		{2A3758B7-E5C1-458F-948A-5DC4298A1CCA}.Target LE64 Debug|x64.Build.0 = Debug|x64
		{2A3758B7-E5C1-458F-948A-5DC4298A1CCA}.Target LE64 Debug|x86.ActiveCfg = Debug|x64
		{2A3758B7-E5C1-458F-948A-5DC4298A1CCA}.Target LE64 Debug|x86.Build.0 = Debug|x64
		{2A3758B7-E5C1-458F-948A-5DC4298A1CCA}.Target LE64 Release|x64.ActiveCfg = Release|x64
		{2A3758B7-E5C1-458F-948A-5DC4298A1CCA}.Target LE64 Release|x64.Build.0 = Release|x64
		{2A3758B7-E5C1-458F-948A-5DC4298A1CCA}.Target LE64 Release|x86.ActiveCfg = Release|x64
		{2A3758B7-E5C1-458F-948A-5DC4298A1CCA}.Target LE64 Release|x86.Build.0 = Release|x64
		{1E248D65-A668-4A85-94B0-BD29524B180B}.Debug Tool|x64.ActiveCfg = Debug|x64
		{1E248D65-A668-4A85-94B0-BD29524B180B}.Debug Tool|x64.Build.0 = Debug|x64
		{1E248D65-A668-4A85-94B0-BD29524B180B}.Debug Tool|x86.ActiveCfg = Debug|Win32
		{1E248D65-A668-4A85-94B0-BD29524B180B}.Debug Tool|x86.Build.0 = Debug|Win32
		{1E248D65-A668-4A85-94B0-BD29524B180B}.Debug|x64.ActiveCfg = Debug|x64
		{1E248D65-A668-4A85-94B0-BD29524B180B}.Debug|x64.Build.0 = Debug|x64
		{1E248D65-A668-4A85-94B0-BD29524B180B}.Debug|x86.ActiveCfg = Debug|Win32
		{1E248D65-A668-4A85-94B0-BD29524B180B}.Debug|x86.Build.0 = Debug|Win32
		{1E248D65-A668-4A85-94B0-BD29524B180B}.Release Tool|x64.ActiveCfg = Release|x64
		{1E248D65-A668-4A85-94B0-BD29524B180B}.Release Tool|x64.Build.0 = Release|x64
		{1E248D65-A668-4A85-94B0-BD29524B180B}.Release Tool|x86.ActiveCfg = Release|Win32
		{1E248D65-A668-4A85-94B0-BD29524B180B}.Release Tool|x86.Build.0 = Release|Win32
		{1E248D65-A668-4A85-94B0-BD29524B180B}.Release|x64.ActiveCfg = Release|x64
		{1E248D65-A668-4A85-94B0-BD29524B180B}.Release|x64.Build.0 = Release|x64
		{1E248D65-A668-4A85-94B0-BD29524B180B}.Release|x86.ActiveCfg = Release|Win32
		{1E248D65-A668-4A85-94B0-BD29524B180B}.Release|x86.Build.0 = Release|Win32
		{1E248D65-A668-4A85-94B0-BD29524B180B}.Target LE64 Debug|x64.ActiveCfg = Debug|x64
		{1E248D65-A668-4A85-94B0-BD29524B180B}.Target LE64 Debug|x64.Build.0 = Debug|x64
		{1E248D65-A668-4A85-94B0-BD29524B180B}.Target LE64 Debug|x86.ActiveCfg = Debug|Win32
		{1E248D65-A668-4A85-94B0-BD29524B180B}.Target LE64 Debug|x86.Build.0 = Debug|Win32
		{1E248D65-A668-4A85-94B0-BD29524B180B}.Target LE64 Release|x64.ActiveCfg = Release|x64
		{1E248D65-A668-4A85-94B0-BD29524B180B}.Target LE64 Release|x64.Build.0 = Release|x64
		{1E248D65-A668-4A85-94B0-BD29524B180B}.Target LE64 Release|x86.ActiveCfg = Release|Win32
		{1E248D65-A668-4A85-94B0-BD29524B180B}.Target LE64 Release|x86.Build.0 = Release|Win32
		{F06FA5C4-F809-42F7-22AA-634F3A057082}.Debug Tool|x64.ActiveCfg = Debug|x64
		{F06FA5C4-F809-42F7-22AA-634F3A057082}.Debug Tool|x64.Build.0 = Debug|x64
		{F06FA5C4-F809-42F7-22AA-634F3A057082}.Debug Tool|x86.ActiveCfg = Debug|x64
		{F06FA5C4-F809-42F7-22AA-634F3A057082}.Debug Tool|x86.Build.0 = Debug|x64
		{F06FA5C4-F809-42F7-22AA-634F3A057082}.Debug|x64.ActiveCfg = Debug|x64
		{F06FA5C4-F809-42F7-22AA-634F3A057082}.Debug|x64.Build.0 = Debug|x64
		{F06FA5C4-F809-42F7-22AA-634F3A057082}.Debug|x86.ActiveCfg = Debug|x64
		{F06FA5C4-F809-42F7-22AA-634F3A057082}.Debug|x86.Build.0 = Debug|x64
		{F06FA5C4-F809-42F7-22AA-634F3A057082}.Release Tool|x64.ActiveCfg = Release|x64
		{F06FA5C4-F809-42F7-22AA-634F3A057082}.Release Tool|x64.Build.0 = Release|x64
		{F06FA5C4-F809-42F7-22AA-634F3A057082}.Release Tool|x86.ActiveCfg = Release|x64
		{F06FA5C4-F809-42F7-22AA-634F3A057082}.Release Tool|x86.Build.0 = Release|x64
		{F06FA5C4-F809-42F7-22AA-634F3A057082}.Release|x64.ActiveCfg = Release|x64
		{F06FA5C4-F809-42F7-22AA-634F3A057082}.Release|x64.Build.0 = Release|x64
		{F06FA5C4-F809-42F7-22AA-634F3A057082}.Release|x86.ActiveCfg = Release|x64
		{F06FA5C4-F809-42F7-22AA-634F3A057082}.Release|x86.Build.0 = Release|x64
		{F06FA5C4-F809-42F7-22AA-634F3A057082}.Target LE64 Debug|x64.ActiveCfg = Debug|x64
		{F06FA5C4-F809-42F7-22AA-634F3A057082}.Target LE64 Debug|x64.Build.0 = Debug|x64
		{F06FA5C4-F809-42F7-22AA-634F3A057082}.Target LE64 Debug|x86.ActiveCfg = Debug|x64
		{F06FA5C4-F809-42F7-22AA-634F3A057082}.Target LE64 Debug|x86.Build.0 = Debug|x64
		{F06FA5C4-F809-42F7-22AA-634F3A057082}.Target LE64 Release|x64.ActiveCfg = Release|x64
		{F06FA5C4-F809-42F7-22AA-634F3A057082}.Target LE64 Release|x64.Build.0 = Release|x64
		{F06FA5C4-F809-42F7-22AA-634F3A057082}.Target LE64 Release|x86.ActiveCfg = Release|x64
		{F06FA5C4-F809-42F7-22AA-634F3A057082}.Target LE64 Release|x86.Build.0 = Release|x64
		{555324AF-C2DD-4C1A-AEE3-00E1CAF79FFC}.Debug Tool|x64.ActiveCfg = Debug|x64
		{555324AF-C2DD-4C1A-AEE3-00E1CAF79FFC}.Debug Tool|x64.Build.0 = Debug|x64
		{555324AF-C2DD-4C1A-AEE3-00E1CAF79FFC}.Debug Tool|x86.ActiveCfg = Debug|Win32
		{555324AF-C2DD-4C1A-AEE3-00E1CAF79FFC}.Debug Tool|x86.Build.0 = Debug|Win32
		{555324AF-C2DD-4C1A-AEE3-00E1CAF79FFC}.Debug|x64.ActiveCfg = Debug|x64
		{555324AF-C2DD-4C1A-AEE3-00E1CAF79FFC}.Debug|x64.Build.0 = Debug|x64
		{555324AF-C2DD-4C1A-AEE3-00E1CAF79FFC}.Debug|x86.ActiveCfg = Debug|Win32
		{555324AF-C2DD-4C1A-AEE3-00E1CAF79FFC}.Debug|x86.Build.0 = Debug|Win32
		{555324AF-C2DD-4C1A-AEE3-00E1CAF79FFC}.Release Tool|x64.ActiveCfg = Release|x64
		{555324AF-C2DD-4C1A-AEE3-00E1CAF79FFC}.Release Tool|x64.Build.0 = Release|x64
		{555324AF-C2DD-4C1A-AEE3-00E1CAF79FFC}.Release Tool|x86.ActiveCfg = Release|Win32
		{555324AF-C2DD-4C1A-AEE3-00E1CAF79FFC}.Release Tool|x86.Build.0 = Release|Win32
		{555324AF-C2DD-4C1A-AEE3-00E1CAF79FFC}.Release|x64.ActiveCfg = Release|x64
		{555324AF-C2DD-4C1A-AEE3-00E1CAF79FFC}.Release|x64.Build.0 = Release|x64
		{555324AF-C2DD-4C1A-AEE3-00E1CAF79FFC}.Release|x86.ActiveCfg = Release|Win32
		{555324AF-C2DD-4C1A-AEE3-00E1CAF79FFC}.Release|x86.Build.0 = Release|Win32
		{555324AF-C2DD-4C1A-AEE3-00E1CAF79FFC}.Target LE64 Debug|x64.ActiveCfg = Debug|x64
		{555324AF-C2DD-4C1A-AEE3-00E1CAF79FFC}.Target LE64 Debug|x64.Build.0 = Debug|x64
		{555324AF-C2DD-4C1A-AEE3-00E1CAF79FFC}.Target LE64 Debug|x86.ActiveCfg = Debug|Win32
		{555324AF-C2DD-4C1A-AEE3-00E1CAF79FFC}.Target LE64 Debug|x86.Build.0 = Debug|Win32
		{555324AF-C2DD-4C1A-AEE3-00E1CAF79FFC}.Target LE64 Release|x64.ActiveCfg = Release|x64
		{555324AF-C2DD-4C1A-AEE3-00E1CAF79FFC}.Target LE64 Release|x64.Build.0 = Release|x64
		{555324AF-C2DD-4C1A-AEE3-00E1CAF79FFC}.Target LE64 Release|x86.ActiveCfg = Release|Win32
		{555324AF-C2DD-4C1A-AEE3-00E1CAF79FFC}.Target LE64 Release|x86.Build.0 = Release|Win32
	EndGlobalSection
	GlobalSection(SolutionProperties) = preSolution
		HideSolutionNode = FALSE
	EndGlobalSection
	GlobalSection(ExtensibilityGlobals) = postSolution
		SolutionGuid = {D25A5465-DB9E-4FAC-A866-D972AD19DBE7}
	EndGlobalSection
EndGlobal
