<?xml version="1.0" encoding="utf-8"?>
<Project ToolsVersion="4.0" xmlns="http://schemas.microsoft.com/developer/msbuild/2003">
  <ItemGroup>
    <Filter Include="Source Files">
      <UniqueIdentifier>{4FC737F1-C7A5-4376-A066-2A32D752A2FF}</UniqueIdentifier>
      <Extensions>cpp;c;cc;cxx;c++;cppm;ixx;def;odl;idl;hpj;bat;asm;asmx</Extensions>
    </Filter>
    <Filter Include="Header Files">
      <UniqueIdentifier>{93995380-89BD-4b04-88EB-625FBE52EBFB}</UniqueIdentifier>
      <Extensions>h;hh;hpp;hxx;h++;hm;inl;inc;ipp;xsd</Extensions>
    </Filter>
    <Filter Include="Resource Files">
      <UniqueIdentifier>{67DA6AB6-F800-4c08-8B7A-83BB121AAD01}</UniqueIdentifier>
      <Extensions>rc;ico;cur;bmp;dlg;rc2;rct;bin;rgs;gif;jpg;jpeg;jpe;resx;tiff;tif;png;wav;mfcribbon-ms</Extensions>
    </Filter>
  </ItemGroup>
  <ItemGroup>
    <None Include="packages.config" />
  </ItemGroup>
  <ItemGroup>
    <ClCompile Include="NMDatabase.h">
      <Filter>Source Files</Filter>
    </ClCompile>
    <ClCompile Include="Node\Node.cpp">
      <Filter>Source Files</Filter>
    </ClCompile>
    <ClCompile Include="NodeContainer\NodeContainer.cpp">
      <Filter>Source Files</Filter>
    </ClCompile>
    <ClCompile Include="Attribute\Attribute.cpp">
      <Filter>Source Files</Filter>
    </ClCompile>
    <ClCompile Include="Attribute\CompositeAttribute.cpp">
      <Filter>Source Files</Filter>
    </ClCompile>
    <ClCompile Include="Attribute\CompoundAttribute.cpp">
      <Filter>Source Files</Filter>
    </ClCompile>
    <ClCompile Include="Attribute\SingleValue\BoolAttribute.cpp">
      <Filter>Source Files</Filter>
    </ClCompile>
    <ClCompile Include="Attribute\AttributeContainer.cpp">
      <Filter>Source Files</Filter>
    </ClCompile>
    <ClCompile Include="Attribute\SingleValue\IntAttribute.cpp">
      <Filter>Source Files</Filter>
    </ClCompile>
    <ClCompile Include="Attribute\SingleValue\FloatAttribute.cpp">
      <Filter>Source Files</Filter>
    </ClCompile>
    <ClCompile Include="Attribute\SingleValue\DoubleAttribute.cpp">
      <Filter>Source Files</Filter>
    </ClCompile>
    <ClCompile Include="Attribute\SingleValue\EnumAttribute.cpp">
      <Filter>Source Files</Filter>
    </ClCompile>
    <ClCompile Include="Attribute\SingleValue\PointerAttribute.cpp">
      <Filter>Source Files</Filter>
    </ClCompile>
    <ClCompile Include="Attribute\SingleValue\StringAttribute.cpp">
      <Filter>Source Files</Filter>
    </ClCompile>
    <ClCompile Include="Attribute\SingleValue\Vector3Attribute.cpp">
      <Filter>Source Files</Filter>
    </ClCompile>
    <ClCompile Include="Attribute\SingleValue\QuaternionAttribute.cpp">
      <Filter>Source Files</Filter>
    </ClCompile>
    <ClCompile Include="Attribute\SingleValue\Matrix34Attribute.cpp">
      <Filter>Source Files</Filter>
    </ClCompile>
    <ClCompile Include="Attribute\Array\BoolArrayAttribute.cpp">
      <Filter>Source Files</Filter>
    </ClCompile>
    <ClCompile Include="Attribute\Array\DoubleArrayAttribute.cpp">
      <Filter>Source Files</Filter>
    </ClCompile>
    <ClCompile Include="Attribute\Array\EnumArrayAttribute.cpp">
      <Filter>Source Files</Filter>
    </ClCompile>
    <ClCompile Include="Attribute\Array\FloatArrayAttribute.cpp">
      <Filter>Source Files</Filter>
    </ClCompile>
    <ClCompile Include="Attribute\Array\IntArrayAttribute.cpp">
      <Filter>Source Files</Filter>
    </ClCompile>
    <ClCompile Include="Attribute\Array\Matrix34ArrayAttribute.cpp">
      <Filter>Source Files</Filter>
    </ClCompile>
    <ClCompile Include="Attribute\Array\QuaternionArrayAttribute.cpp">
      <Filter>Source Files</Filter>
    </ClCompile>
    <ClCompile Include="Attribute\Array\StringArrayAttribute.cpp">
      <Filter>Source Files</Filter>
    </ClCompile>
    <ClCompile Include="Attribute\Array\Vector3ArrayAttribute.cpp">
      <Filter>Source Files</Filter>
    </ClCompile>
    <ClCompile Include="Attribute\AttributeArray.cpp">
      <Filter>Source Files</Filter>
    </ClCompile>
  </ItemGroup>
  <ItemGroup>
    <ClInclude Include="Node\Node.h">
      <Filter>Header Files</Filter>
    </ClInclude>
    <ClInclude Include="NodeContainer\NodeContainer.h">
      <Filter>Header Files</Filter>
    </ClInclude>
    <ClInclude Include="Attribute\Attribute.h">
      <Filter>Header Files</Filter>
    </ClInclude>
    <ClInclude Include="Attribute\Array\ArrayAttribute.inl">
      <Filter>Header Files</Filter>
    </ClInclude>
    <ClInclude Include="Attribute\CompositeAttribute.h">
      <Filter>Header Files</Filter>
    </ClInclude>
    <ClInclude Include="Attribute\CompoundAttribute.h">
      <Filter>Header Files</Filter>
    </ClInclude>
    <ClInclude Include="Attribute\AttributeContainer.h">
      <Filter>Header Files</Filter>
    </ClInclude>
    <ClInclude Include="Attribute\SingleValue\SingleValueAttribute.inl">
      <Filter>Header Files</Filter>
    </ClInclude>
    <ClInclude Include="Attribute\SingleValue\BoolAttribute.h">
      <Filter>Header Files</Filter>
    </ClInclude>
    <ClInclude Include="Attribute\SingleValue\IntAttribute.h">
      <Filter>Header Files</Filter>
    </ClInclude>
    <ClInclude Include="Attribute\SingleValue\FloatAttribute.h">
      <Filter>Header Files</Filter>
    </ClInclude>
    <ClInclude Include="Attribute\SingleValue\DoubleAttribute.h">
      <Filter>Header Files</Filter>
    </ClInclude>
    <ClInclude Include="Attribute\SingleValue\EnumAttribute.h">
      <Filter>Header Files</Filter>
    </ClInclude>
    <ClInclude Include="Attribute\SingleValue\PointerAttribute.h">
      <Filter>Header Files</Filter>
    </ClInclude>
    <ClInclude Include="Attribute\SingleValue\StringAttribute.h">
      <Filter>Header Files</Filter>
    </ClInclude>
    <ClInclude Include="Attribute\SingleValue\Vector3Attribute.h">
      <Filter>Header Files</Filter>
    </ClInclude>
    <ClInclude Include="Attribute\SingleValue\QuaternionAttribute.h">
      <Filter>Header Files</Filter>
    </ClInclude>
    <ClInclude Include="Attribute\SingleValue\Matrix34Attribute.h">
      <Filter>Header Files</Filter>
    </ClInclude>
    <ClInclude Include="Attribute\Array\BoolArrayAttribute.h">
      <Filter>Header Files</Filter>
    </ClInclude>
    <ClInclude Include="Attribute\Array\DoubleArrayAttribute.h">
      <Filter>Header Files</Filter>
    </ClInclude>
    <ClInclude Include="Attribute\Array\EnumArrayAttribute.h">
      <Filter>Header Files</Filter>
    </ClInclude>
    <ClInclude Include="Attribute\Array\FloatArrayAttribute.h">
      <Filter>Header Files</Filter>
    </ClInclude>
    <ClInclude Include="Attribute\Array\IntArrayAttribute.h">
      <Filter>Header Files</Filter>
    </ClInclude>
    <ClInclude Include="Attribute\Array\Matrix34ArrayAttribute.h">
      <Filter>Header Files</Filter>
    </ClInclude>
    <ClInclude Include="Attribute\Array\QuaternionArrayAttribute.h">
      <Filter>Header Files</Filter>
    </ClInclude>
    <ClInclude Include="Attribute\Array\StringArrayAttribute.h">
      <Filter>Header Files</Filter>
    </ClInclude>
    <ClInclude Include="Attribute\Array\Vector3ArrayAttribute.h">
      <Filter>Header Files</Filter>
    </ClInclude>
    <ClInclude Include="Attribute\AttributeArray.h">
      <Filter>Header Files</Filter>
    </ClInclude>
  </ItemGroup>
</Project>