<?xml version="1.0" encoding="utf-8"?>
<Project ToolsVersion="4.0" xmlns="http://schemas.microsoft.com/developer/msbuild/2003">
  <ItemGroup>
    <Filter Include="Source Files">
      <UniqueIdentifier>{4FC737F1-C7A5-4376-A066-2A32D752A2FF}</UniqueIdentifier>
      <Extensions>cpp;c;cc;cxx;c++;cppm;ixx;def;odl;idl;hpj;bat;asm;asmx</Extensions>
    </Filter>
    <Filter Include="Header Files">
      <UniqueIdentifier>{93995380-89BD-4b04-88EB-625FBE52EBFB}</UniqueIdentifier>
      <Extensions>h;hh;hpp;hxx;h++;hm;inl;inc;ipp;xsd</Extensions>
    </Filter>
    <Filter Include="Resource Files">
      <UniqueIdentifier>{67DA6AB6-F800-4c08-8B7A-83BB121AAD01}</UniqueIdentifier>
      <Extensions>rc;ico;cur;bmp;dlg;rc2;rct;bin;rgs;gif;jpg;jpeg;jpe;resx;tiff;tif;png;wav;mfcribbon-ms</Extensions>
    </Filter>
  </ItemGroup>
  <ItemGroup>
    <ClInclude Include="Database\Database.h">
      <Filter>Header Files</Filter>
    </ClInclude>
    <ClInclude Include="Network\Network.h">
      <Filter>Header Files</Filter>
    </ClInclude>
    <ClInclude Include="AnimationLocation\AnimationLocation.h">
      <Filter>Header Files</Filter>
    </ClInclude>
    <ClInclude Include="PreviewScript\PreviewScript.h">
      <Filter>Header Files</Filter>
    </ClInclude>
    <ClInclude Include="Request\Request.h">
      <Filter>Header Files</Filter>
    </ClInclude>
    <ClInclude Include="BodyGroup\BodyGroup.h">
      <Filter>Header Files</Filter>
    </ClInclude>
    <ClInclude Include="AnimationSet\AnimationSet.h">
      <Filter>Header Files</Filter>
    </ClInclude>
    <ClInclude Include="Skin\Skin.h">
      <Filter>Header Files</Filter>
    </ClInclude>
    <ClInclude Include="ControlParameter\ControlParameter.h">
      <Filter>Header Files</Filter>
    </ClInclude>
    <ClInclude Include="EmittedControlParameter\EmittedControlParameter.h">
      <Filter>Header Files</Filter>
    </ClInclude>
    <ClInclude Include="CharacterStartPoint\CharacterStartPoint.h">
      <Filter>Header Files</Filter>
    </ClInclude>
    <ClInclude Include="RequestPreset\RequestPreset.h">
      <Filter>Header Files</Filter>
    </ClInclude>
    <ClInclude Include="NodeDef\NodeDef.h">
      <Filter>Header Files</Filter>
    </ClInclude>
    <ClInclude Include="Attribute\Attribute.h">
      <Filter>Header Files</Filter>
    </ClInclude>
    <ClInclude Include="Pin\Pin.h">
      <Filter>Header Files</Filter>
    </ClInclude>
    <ClInclude Include="Node\Node.h">
      <Filter>Header Files</Filter>
    </ClInclude>
    <ClInclude Include="Layer\Layer.h">
      <Filter>Header Files</Filter>
    </ClInclude>
    <ClInclude Include="SceneGraphRoot\SceneGraphRoot.h">
      <Filter>Header Files</Filter>
    </ClInclude>
    <ClInclude Include="NodeContainer\NodeContainer.h">
      <Filter>Header Files</Filter>
    </ClInclude>
    <ClInclude Include="FlowEdge\FlowEdge.h">
      <Filter>Header Files</Filter>
    </ClInclude>
    <ClInclude Include="mcnSerializer\mcnSerializer.h">
      <Filter>Header Files</Filter>
    </ClInclude>
  </ItemGroup>
  <ItemGroup>
    <ClCompile Include="NMDatabase.cpp">
      <Filter>Source Files</Filter>
    </ClCompile>
    <ClCompile Include="Database\Database.cpp">
      <Filter>Source Files</Filter>
    </ClCompile>
    <ClCompile Include="Network\Network.cpp">
      <Filter>Source Files</Filter>
    </ClCompile>
    <ClCompile Include="PreviewScript\PreviewScript.cpp">
      <Filter>Source Files</Filter>
    </ClCompile>
    <ClCompile Include="Request\Request.cpp">
      <Filter>Source Files</Filter>
    </ClCompile>
    <ClCompile Include="AnimationLocation\AnimationLocation.cpp">
      <Filter>Source Files</Filter>
    </ClCompile>
    <ClCompile Include="BodyGroup\BodyGroup.cpp">
      <Filter>Source Files</Filter>
    </ClCompile>
    <ClCompile Include="AnimationSet\AnimationSet.cpp">
      <Filter>Source Files</Filter>
    </ClCompile>
    <ClCompile Include="Skin\Skin.cpp">
      <Filter>Source Files</Filter>
    </ClCompile>
    <ClCompile Include="ControlParameter\ControlParameter.cpp">
      <Filter>Source Files</Filter>
    </ClCompile>
    <ClCompile Include="EmittedControlParameter\EmittedControlParameter.cpp">
      <Filter>Source Files</Filter>
    </ClCompile>
    <ClCompile Include="Pin\Pin.cpp">
      <Filter>Source Files</Filter>
    </ClCompile>
    <ClCompile Include="RequestPreset\RequestPreset.cpp">
      <Filter>Source Files</Filter>
    </ClCompile>
    <ClCompile Include="NodeContainer\NodeContainer.cpp">
      <Filter>Source Files</Filter>
    </ClCompile>
    <ClCompile Include="Node\Node.cpp">
      <Filter>Source Files</Filter>
    </ClCompile>
    <ClCompile Include="NodeDef\NodeDef.cpp">
      <Filter>Source Files</Filter>
    </ClCompile>
    <ClCompile Include="SceneGraphRoot\SceneGraphRoot.cpp">
      <Filter>Source Files</Filter>
    </ClCompile>
    <ClCompile Include="Layer\Layer.cpp">
      <Filter>Source Files</Filter>
    </ClCompile>
    <ClCompile Include="Attribute\Attribute.cpp">
      <Filter>Source Files</Filter>
    </ClCompile>
    <ClCompile Include="CharacterStartPoint\CharacterStartPoint.cpp">
      <Filter>Source Files</Filter>
    </ClCompile>
    <ClCompile Include="FlowEdge\FlowEdge.cpp">
      <Filter>Source Files</Filter>
    </ClCompile>
    <ClCompile Include="mcnSerializer\mcnSerializer.cpp">
      <Filter>Source Files</Filter>
    </ClCompile>
  </ItemGroup>
  <ItemGroup>
    <None Include="packages.config" />
  </ItemGroup>
</Project>