<?xml version="1.0" encoding="utf-8"?>
<Project ToolsVersion="4.0" xmlns="http://schemas.microsoft.com/developer/msbuild/2003">
  <ItemGroup>
    <Filter Include="Source Files">
      <UniqueIdentifier>{4FC737F1-C7A5-4376-A066-2A32D752A2FF}</UniqueIdentifier>
      <Extensions>cpp;c;cc;cxx;c++;cppm;ixx;def;odl;idl;hpj;bat;asm;asmx</Extensions>
    </Filter>
    <Filter Include="Header Files">
      <UniqueIdentifier>{93995380-89BD-4b04-88EB-625FBE52EBFB}</UniqueIdentifier>
      <Extensions>h;hh;hpp;hxx;h++;hm;inl;inc;ipp;xsd</Extensions>
    </Filter>
    <Filter Include="Resource Files">
      <UniqueIdentifier>{67DA6AB6-F800-4c08-8B7A-83BB121AAD01}</UniqueIdentifier>
      <Extensions>rc;ico;cur;bmp;dlg;rc2;rct;bin;rgs;gif;jpg;jpeg;jpe;resx;tiff;tif;png;wav;mfcribbon-ms</Extensions>
    </Filter>
  </ItemGroup>
  <ItemGroup>
    <None Include="packages.config" />
  </ItemGroup>
  <ItemGroup>
    <ClCompile Include="Database\AnimationLocation\AnimationLocation.cpp">
      <Filter>Source Files</Filter>
    </ClCompile>
    <ClCompile Include="Database\AnimationSet\AnimationSet.cpp">
      <Filter>Source Files</Filter>
    </ClCompile>
    <ClCompile Include="Database\Attribute\Attribute.cpp">
      <Filter>Source Files</Filter>
    </ClCompile>
    <ClCompile Include="Database\BodyGroup\BodyGroup.cpp">
      <Filter>Source Files</Filter>
    </ClCompile>
    <ClCompile Include="Database\CharacterStartPoint\CharacterStartPoint.cpp">
      <Filter>Source Files</Filter>
    </ClCompile>
    <ClCompile Include="Database\ControlParameter\ControlParameter.cpp">
      <Filter>Source Files</Filter>
    </ClCompile>
    <ClCompile Include="Database\EmittedControlParameter\EmittedControlParameter.cpp">
      <Filter>Source Files</Filter>
    </ClCompile>
    <ClCompile Include="Database\FlowEdge\FlowEdge.cpp">
      <Filter>Source Files</Filter>
    </ClCompile>
    <ClCompile Include="Database\Layer\Layer.cpp">
      <Filter>Source Files</Filter>
    </ClCompile>
    <ClCompile Include="Database\Network\GroupNodes\AnimationSetsNode.cpp">
      <Filter>Source Files</Filter>
    </ClCompile>
    <ClCompile Include="Database\Network\GroupNodes\BodyGroupsNode.cpp">
      <Filter>Source Files</Filter>
    </ClCompile>
    <ClCompile Include="Database\Network\GroupNodes\CharacterStartPointsNode.cpp">
      <Filter>Source Files</Filter>
    </ClCompile>
    <ClCompile Include="Database\Network\GroupNodes\ControlParametersNode.cpp">
      <Filter>Source Files</Filter>
    </ClCompile>
    <ClCompile Include="Database\Network\GroupNodes\EmittedControlParametersNode.cpp">
      <Filter>Source Files</Filter>
    </ClCompile>
    <ClCompile Include="Database\Network\GroupNodes\LayersNode.cpp">
      <Filter>Source Files</Filter>
    </ClCompile>
    <ClCompile Include="Database\Network\GroupNodes\MessagePresetsGroupNode.cpp">
      <Filter>Source Files</Filter>
    </ClCompile>
    <ClCompile Include="Database\Network\GroupNodes\RequestPresetsNode.cpp">
      <Filter>Source Files</Filter>
    </ClCompile>
    <ClCompile Include="Database\Network\GroupNodes\RequestsNode.cpp">
      <Filter>Source Files</Filter>
    </ClCompile>
    <ClCompile Include="Database\Network\Network.cpp">
      <Filter>Source Files</Filter>
    </ClCompile>
    <ClCompile Include="Database\Node\Node.cpp">
      <Filter>Source Files</Filter>
    </ClCompile>
    <ClCompile Include="Database\NodeContainer\NodeContainer.cpp">
      <Filter>Source Files</Filter>
    </ClCompile>
    <ClCompile Include="Database\NodeDef\NodeDef.cpp">
      <Filter>Source Files</Filter>
    </ClCompile>
    <ClCompile Include="Database\Pin\Pin.cpp">
      <Filter>Source Files</Filter>
    </ClCompile>
    <ClCompile Include="Database\PreviewScript\PreviewScript.cpp">
      <Filter>Source Files</Filter>
    </ClCompile>
    <ClCompile Include="Database\Request\Request.cpp">
      <Filter>Source Files</Filter>
    </ClCompile>
    <ClCompile Include="Database\RequestPreset\RequestPreset.cpp">
      <Filter>Source Files</Filter>
    </ClCompile>
    <ClCompile Include="Database\SceneGraphRoot\SceneGraphRoot.cpp">
      <Filter>Source Files</Filter>
    </ClCompile>
    <ClCompile Include="Database\Skin\Skin.cpp">
      <Filter>Source Files</Filter>
    </ClCompile>
    <ClCompile Include="Database\Database.cpp">
      <Filter>Source Files</Filter>
    </ClCompile>
    <ClCompile Include="NMDatabase.h">
      <Filter>Source Files</Filter>
    </ClCompile>
    <ClCompile Include="mcnSerializer\mcnSerializer.cpp">
      <Filter>Source Files</Filter>
    </ClCompile>
    <ClCompile Include="Database\NodeDef\StateMachine.cpp">
      <Filter>Source Files</Filter>
    </ClCompile>
    <ClCompile Include="Database\TransitionEdge\TransitionEdge.cpp">
      <Filter>Source Files</Filter>
    </ClCompile>
    <ClCompile Include="Database\TransitionEdge\Condition\Condition.cpp">
      <Filter>Source Files</Filter>
    </ClCompile>
    <ClCompile Include="Database\TransitionEdge\Condition\MessageCondition.cpp">
      <Filter>Source Files</Filter>
    </ClCompile>
    <ClCompile Include="Database\TransitionEdge\Condition\ControlParamInRange.cpp">
      <Filter>Source Files</Filter>
    </ClCompile>
  </ItemGroup>
  <ItemGroup>
    <ClInclude Include="Database\AnimationLocation\AnimationLocation.h">
      <Filter>Header Files</Filter>
    </ClInclude>
    <ClInclude Include="Database\AnimationSet\AnimationSet.h">
      <Filter>Header Files</Filter>
    </ClInclude>
    <ClInclude Include="Database\Attribute\Attribute.h">
      <Filter>Header Files</Filter>
    </ClInclude>
    <ClInclude Include="Database\BodyGroup\BodyGroup.h">
      <Filter>Header Files</Filter>
    </ClInclude>
    <ClInclude Include="Database\CharacterStartPoint\CharacterStartPoint.h">
      <Filter>Header Files</Filter>
    </ClInclude>
    <ClInclude Include="Database\ControlParameter\ControlParameter.h">
      <Filter>Header Files</Filter>
    </ClInclude>
    <ClInclude Include="Database\EmittedControlParameter\EmittedControlParameter.h">
      <Filter>Header Files</Filter>
    </ClInclude>
    <ClInclude Include="Database\FlowEdge\FlowEdge.h">
      <Filter>Header Files</Filter>
    </ClInclude>
    <ClInclude Include="Database\Layer\Layer.h">
      <Filter>Header Files</Filter>
    </ClInclude>
    <ClInclude Include="Database\Network\GroupNodes\AnimationSetsNode.h">
      <Filter>Header Files</Filter>
    </ClInclude>
    <ClInclude Include="Database\Network\GroupNodes\BodyGroupsNode.h">
      <Filter>Header Files</Filter>
    </ClInclude>
    <ClInclude Include="Database\Network\GroupNodes\CharacterStartPointsNode.h">
      <Filter>Header Files</Filter>
    </ClInclude>
    <ClInclude Include="Database\Network\GroupNodes\ControlParametersNode.h">
      <Filter>Header Files</Filter>
    </ClInclude>
    <ClInclude Include="Database\Network\GroupNodes\EmittedControlParametersNode.h">
      <Filter>Header Files</Filter>
    </ClInclude>
    <ClInclude Include="Database\Network\GroupNodes\LayersNode.h">
      <Filter>Header Files</Filter>
    </ClInclude>
    <ClInclude Include="Database\Network\GroupNodes\MessagePresetsGroupNode.h">
      <Filter>Header Files</Filter>
    </ClInclude>
    <ClInclude Include="Database\Network\GroupNodes\RequestPresetsNode.h">
      <Filter>Header Files</Filter>
    </ClInclude>
    <ClInclude Include="Database\Network\GroupNodes\RequestsNode.h">
      <Filter>Header Files</Filter>
    </ClInclude>
    <ClInclude Include="Database\Network\Network.h">
      <Filter>Header Files</Filter>
    </ClInclude>
    <ClInclude Include="Database\Node\Node.h">
      <Filter>Header Files</Filter>
    </ClInclude>
    <ClInclude Include="Database\NodeContainer\NodeContainer.h">
      <Filter>Header Files</Filter>
    </ClInclude>
    <ClInclude Include="Database\NodeDef\NodeDef.h">
      <Filter>Header Files</Filter>
    </ClInclude>
    <ClInclude Include="Database\Pin\Pin.h">
      <Filter>Header Files</Filter>
    </ClInclude>
    <ClInclude Include="Database\PreviewScript\PreviewScript.h">
      <Filter>Header Files</Filter>
    </ClInclude>
    <ClInclude Include="Database\Request\Request.h">
      <Filter>Header Files</Filter>
    </ClInclude>
    <ClInclude Include="Database\RequestPreset\RequestPreset.h">
      <Filter>Header Files</Filter>
    </ClInclude>
    <ClInclude Include="Database\SceneGraphRoot\SceneGraphRoot.h">
      <Filter>Header Files</Filter>
    </ClInclude>
    <ClInclude Include="Database\Skin\Skin.h">
      <Filter>Header Files</Filter>
    </ClInclude>
    <ClInclude Include="Database\Database.h">
      <Filter>Header Files</Filter>
    </ClInclude>
    <ClInclude Include="mcnSerializer\mcnSerializer.h">
      <Filter>Header Files</Filter>
    </ClInclude>
    <ClInclude Include="Database\NodeDef\StateMachine.h">
      <Filter>Header Files</Filter>
    </ClInclude>
    <ClInclude Include="Database\TransitionEdge\TransitionEdge.h">
      <Filter>Header Files</Filter>
    </ClInclude>
    <ClInclude Include="Database\TransitionEdge\Condition\Condition.h">
      <Filter>Header Files</Filter>
    </ClInclude>
    <ClInclude Include="Database\TransitionEdge\Condition\MessageCondition.h">
      <Filter>Header Files</Filter>
    </ClInclude>
    <ClInclude Include="Database\TransitionEdge\Condition\ControlParamInRange.h">
      <Filter>Header Files</Filter>
    </ClInclude>
  </ItemGroup>
</Project>